// !$*UTF8*$!
{
	archiveVersion = 1;
	classes = {
	};
	objectVersion = 56;
	objects = {

/* Begin PBXBuildFile section */
		053C55D42AA9AB86006A6D93 /* OrganizationTableViewCell.swift in Sources */ = {isa = PBXBuildFile; fileRef = 053C55D32AA9AB86006A6D93 /* OrganizationTableViewCell.swift */; };
		055C2E6E2AB93B0C00726CD7 /* DispatchCategoryTableViewCell.swift in Sources */ = {isa = PBXBuildFile; fileRef = 055C2E6D2AB93B0C00726CD7 /* DispatchCategoryTableViewCell.swift */; };
		055C2E702AB9577E00726CD7 /* DispatchSearchTableViewCell.swift in Sources */ = {isa = PBXBuildFile; fileRef = 055C2E6F2AB9577E00726CD7 /* DispatchSearchTableViewCell.swift */; };
		0561E7212AC29D3D00787B77 /* NavigationViewController.swift in Sources */ = {isa = PBXBuildFile; fileRef = 0561E7202AC29D3C00787B77 /* NavigationViewController.swift */; };
		0561E7232AC2A32100787B77 /* DispatchHomeCheckViewController.swift in Sources */ = {isa = PBXBuildFile; fileRef = 0561E7222AC2A32100787B77 /* DispatchHomeCheckViewController.swift */; };
		0561E7252AC2BB3400787B77 /* ServerInspectionViewController.swift in Sources */ = {isa = PBXBuildFile; fileRef = 0561E7242AC2BB3400787B77 /* ServerInspectionViewController.swift */; };
		056A34502ABBC53C00829750 /* OfficeModel.swift in Sources */ = {isa = PBXBuildFile; fileRef = 056A344F2ABBC53C00829750 /* OfficeModel.swift */; };
		056A34522ABBCC4200829750 /* CheckPermissionViewController.swift in Sources */ = {isa = PBXBuildFile; fileRef = 056A34512ABBCC4200829750 /* CheckPermissionViewController.swift */; };
		056A34542ABBDAA700829750 /* OfficeCollectionViewCell.swift in Sources */ = {isa = PBXBuildFile; fileRef = 056A34532ABBDAA700829750 /* OfficeCollectionViewCell.swift */; };
		056A34582ABBDE9C00829750 /* NoticeViewController.swift in Sources */ = {isa = PBXBuildFile; fileRef = 056A34572ABBDE9C00829750 /* NoticeViewController.swift */; };
		056A345A2ABBE1D700829750 /* NoticeTableViewCell.swift in Sources */ = {isa = PBXBuildFile; fileRef = 056A34592ABBE1D700829750 /* NoticeTableViewCell.swift */; };
		056A345C2ABBF6D400829750 /* NoticeModel.swift in Sources */ = {isa = PBXBuildFile; fileRef = 056A345B2ABBF6D400829750 /* NoticeModel.swift */; };
		056A345E2ABC054700829750 /* NoticeDetailViewController.swift in Sources */ = {isa = PBXBuildFile; fileRef = 056A345D2ABC054700829750 /* NoticeDetailViewController.swift */; };
		056A34602ABC071200829750 /* NoticeDetailTitleTableViewCell.swift in Sources */ = {isa = PBXBuildFile; fileRef = 056A345F2ABC071200829750 /* NoticeDetailTitleTableViewCell.swift */; };
		056A34622ABC072F00829750 /* NoticeDetailTextTableViewCell.swift in Sources */ = {isa = PBXBuildFile; fileRef = 056A34612ABC072F00829750 /* NoticeDetailTextTableViewCell.swift */; };
		056A34652ABC0EF000829750 /* InspectionViewController.swift in Sources */ = {isa = PBXBuildFile; fileRef = 056A34642ABC0EF000829750 /* InspectionViewController.swift */; };
		056A34672ABC0FED00829750 /* InspectionTableViewCell.swift in Sources */ = {isa = PBXBuildFile; fileRef = 056A34662ABC0FED00829750 /* InspectionTableViewCell.swift */; };
		056A34692ABC13CC00829750 /* InspectionModel.swift in Sources */ = {isa = PBXBuildFile; fileRef = 056A34682ABC13CC00829750 /* InspectionModel.swift */; };
		056A346B2ABC193B00829750 /* InspectionCreateViewController.swift in Sources */ = {isa = PBXBuildFile; fileRef = 056A346A2ABC193B00829750 /* InspectionCreateViewController.swift */; };
		056A346D2ABC1D4400829750 /* AddingContentCell.swift in Sources */ = {isa = PBXBuildFile; fileRef = 056A346C2ABC1D4400829750 /* AddingContentCell.swift */; };
		056A346F2ABC1D7300829750 /* IndexPathButton.swift in Sources */ = {isa = PBXBuildFile; fileRef = 056A346E2ABC1D7300829750 /* IndexPathButton.swift */; };
		056A34712ABC317F00829750 /* InspectionVehicleListViewController.swift in Sources */ = {isa = PBXBuildFile; fileRef = 056A34702ABC317F00829750 /* InspectionVehicleListViewController.swift */; };
		056A34732ABC31B400829750 /* InspectionVehicleListTableViewCell.swift in Sources */ = {isa = PBXBuildFile; fileRef = 056A34722ABC31B400829750 /* InspectionVehicleListTableViewCell.swift */; };
		056A34762ABC393700829750 /* ConsultingModel.swift in Sources */ = {isa = PBXBuildFile; fileRef = 056A34752ABC393700829750 /* ConsultingModel.swift */; };
		056A34782ABC394600829750 /* ConsultingTableViewCell.swift in Sources */ = {isa = PBXBuildFile; fileRef = 056A34772ABC394600829750 /* ConsultingTableViewCell.swift */; };
		056A347A2ABC394E00829750 /* ConsultingViewController.swift in Sources */ = {isa = PBXBuildFile; fileRef = 056A34792ABC394E00829750 /* ConsultingViewController.swift */; };
		056A759B2B059DCE00C25711 /* OrganizationViewPagerViewController.swift in Sources */ = {isa = PBXBuildFile; fileRef = 056A759A2B059DCE00C25711 /* OrganizationViewPagerViewController.swift */; };
		056A759D2B059E2600C25711 /* OrganizationViewPagerCollectionViewCell.swift in Sources */ = {isa = PBXBuildFile; fileRef = 056A759C2B059E2600C25711 /* OrganizationViewPagerCollectionViewCell.swift */; };
		056A75A32B05D03600C25711 /* OrganizationSearchViewController.swift in Sources */ = {isa = PBXBuildFile; fileRef = 056A75A22B05D03600C25711 /* OrganizationSearchViewController.swift */; };
		056A75A52B05D18800C25711 /* OrganizationSearchTableViewCell.swift in Sources */ = {isa = PBXBuildFile; fileRef = 056A75A42B05D18800C25711 /* OrganizationSearchTableViewCell.swift */; };
		056B49482B218F8600F7A3A4 /* DispatchNoteRegularlyTableViewCell.swift in Sources */ = {isa = PBXBuildFile; fileRef = 056B49472B218F8600F7A3A4 /* DispatchNoteRegularlyTableViewCell.swift */; };
		056B494A2B218F9300F7A3A4 /* DispatchNoteOrderTableViewCell.swift in Sources */ = {isa = PBXBuildFile; fileRef = 056B49492B218F9300F7A3A4 /* DispatchNoteOrderTableViewCell.swift */; };
		056B494C2B21AE3E00F7A3A4 /* MorningRollCallViewController.swift in Sources */ = {isa = PBXBuildFile; fileRef = 056B494B2B21AE3E00F7A3A4 /* MorningRollCallViewController.swift */; };
		056B494E2B21AE4F00F7A3A4 /* EveningRollCallViewController.swift in Sources */ = {isa = PBXBuildFile; fileRef = 056B494D2B21AE4F00F7A3A4 /* EveningRollCallViewController.swift */; };
		056B49502B21B53F00F7A3A4 /* MorningRollCallTableViewCell.swift in Sources */ = {isa = PBXBuildFile; fileRef = 056B494F2B21B53F00F7A3A4 /* MorningRollCallTableViewCell.swift */; };
		056BF5042AF3518900B4C389 /* BottomSheetViewController.swift in Sources */ = {isa = PBXBuildFile; fileRef = 056BF5032AF3518900B4C389 /* BottomSheetViewController.swift */; };
		056BF5062AF351BF00B4C389 /* DispatchRefuelingBottomSheetViewController.swift in Sources */ = {isa = PBXBuildFile; fileRef = 056BF5052AF351BF00B4C389 /* DispatchRefuelingBottomSheetViewController.swift */; };
		057000D32AB29D49007F650E /* DispatchCheckOrderTableViewCell.swift in Sources */ = {isa = PBXBuildFile; fileRef = 057000D22AB29D49007F650E /* DispatchCheckOrderTableViewCell.swift */; };
		057000D52AB2D095007F650E /* DispatchCheckPopViewController.swift in Sources */ = {isa = PBXBuildFile; fileRef = 057000D42AB2D095007F650E /* DispatchCheckPopViewController.swift */; };
		057000D72AB2E5EA007F650E /* DispatchCheckDenyViewController.swift in Sources */ = {isa = PBXBuildFile; fileRef = 057000D62AB2E5EA007F650E /* DispatchCheckDenyViewController.swift */; };
		05709D6E2B1FFA2900748F52 /* DispatchNoteListViewController.swift in Sources */ = {isa = PBXBuildFile; fileRef = 05709D6D2B1FFA2900748F52 /* DispatchNoteListViewController.swift */; };
		0573B50A2B22D28B005F1F4F /* SelectTimeViewController.swift in Sources */ = {isa = PBXBuildFile; fileRef = 0573B5092B22D28B005F1F4F /* SelectTimeViewController.swift */; };
		0575AC102B4CB794005F79AA /* DispatchDrivingDetailViewController.swift in Sources */ = {isa = PBXBuildFile; fileRef = 0575AC0F2B4CB794005F79AA /* DispatchDrivingDetailViewController.swift */; };
		057736BD2B0EFE32005C01EA /* ProfileSalaryStatementViewController.swift in Sources */ = {isa = PBXBuildFile; fileRef = 057736BC2B0EFE32005C01EA /* ProfileSalaryStatementViewController.swift */; };
		057736BF2B0F0AB7005C01EA /* RenewalProfileViewController.swift in Sources */ = {isa = PBXBuildFile; fileRef = 057736BE2B0F0AB7005C01EA /* RenewalProfileViewController.swift */; };
		057D941F2AB1862900779CFF /* DispatchCheckViewController.swift in Sources */ = {isa = PBXBuildFile; fileRef = 057D941E2AB1862900779CFF /* DispatchCheckViewController.swift */; };
		057D94212AB18DA300779CFF /* DispatchCheckTableViewCell.swift in Sources */ = {isa = PBXBuildFile; fileRef = 057D94202AB18DA300779CFF /* DispatchCheckTableViewCell.swift */; };
		057DDD622B58A1A200EE110A /* AccidentCallListViewController.swift in Sources */ = {isa = PBXBuildFile; fileRef = 057DDD612B58A1A200EE110A /* AccidentCallListViewController.swift */; };
		057DDD642B58A24C00EE110A /* AccidentCallListTableViewCell.swift in Sources */ = {isa = PBXBuildFile; fileRef = 057DDD632B58A24C00EE110A /* AccidentCallListTableViewCell.swift */; };
		057DDD682B58C0F900EE110A /* AccidentBeforeDrivingViewController.swift in Sources */ = {isa = PBXBuildFile; fileRef = 057DDD672B58C0F900EE110A /* AccidentBeforeDrivingViewController.swift */; };
		057DDD6A2B58C22600EE110A /* AccidentLastFlowViewController.swift in Sources */ = {isa = PBXBuildFile; fileRef = 057DDD692B58C22600EE110A /* AccidentLastFlowViewController.swift */; };
		057E24822B5E48C600633D2F /* CarManageViewController.swift in Sources */ = {isa = PBXBuildFile; fileRef = 057E24812B5E48C600633D2F /* CarManageViewController.swift */; };
		057E24842B5E4C2400633D2F /* CarManageTableViewCell.swift in Sources */ = {isa = PBXBuildFile; fileRef = 057E24832B5E4C2400633D2F /* CarManageTableViewCell.swift */; };
		057E24862B5E567600633D2F /* CarManageInspectionViewController.swift in Sources */ = {isa = PBXBuildFile; fileRef = 057E24852B5E567600633D2F /* CarManageInspectionViewController.swift */; };
		057E24882B5E569000633D2F /* CarManageInspectionTableViewCell.swift in Sources */ = {isa = PBXBuildFile; fileRef = 057E24872B5E569000633D2F /* CarManageInspectionTableViewCell.swift */; };
		05821A952B0DCDEA007049C9 /* RenewalDispatchViewController.swift in Sources */ = {isa = PBXBuildFile; fileRef = 05821A942B0DCDEA007049C9 /* RenewalDispatchViewController.swift */; };
		05821A992B0DD443007049C9 /* ProfileModel.swift in Sources */ = {isa = PBXBuildFile; fileRef = 05821A982B0DD443007049C9 /* ProfileModel.swift */; };
		05821A9D2B0DE685007049C9 /* DispatchRegularlyTableViewCell.swift in Sources */ = {isa = PBXBuildFile; fileRef = 05821A9C2B0DE685007049C9 /* DispatchRegularlyTableViewCell.swift */; };
		05821A9F2B0DE718007049C9 /* DispatchOrderTableViewCell.swift in Sources */ = {isa = PBXBuildFile; fileRef = 05821A9E2B0DE718007049C9 /* DispatchOrderTableViewCell.swift */; };
		05821AA12B0DEBC1007049C9 /* TempateViewPagerViewController.swift in Sources */ = {isa = PBXBuildFile; fileRef = 05821AA02B0DEBC1007049C9 /* TempateViewPagerViewController.swift */; };
		05821AA32B0DEBCE007049C9 /* ViewPagerCollectionViewCell.swift in Sources */ = {isa = PBXBuildFile; fileRef = 05821AA22B0DEBCE007049C9 /* ViewPagerCollectionViewCell.swift */; };
		05821AA52B0DEC94007049C9 /* TemplateView.swift in Sources */ = {isa = PBXBuildFile; fileRef = 05821AA42B0DEC94007049C9 /* TemplateView.swift */; };
		0582C5A82AB8218D0045CBCB /* DispatchSearchViewController.swift in Sources */ = {isa = PBXBuildFile; fileRef = 0582C5A72AB8218D0045CBCB /* DispatchSearchViewController.swift */; };
		0582C5AA2AB842BF0045CBCB /* DispatchCategoryViewController.swift in Sources */ = {isa = PBXBuildFile; fileRef = 0582C5A92AB842BF0045CBCB /* DispatchCategoryViewController.swift */; };
		0584559E2B187B35000D3448 /* GasStationListViewController.swift in Sources */ = {isa = PBXBuildFile; fileRef = 0584559D2B187B35000D3448 /* GasStationListViewController.swift */; };
		058455A02B187B3C000D3448 /* GasStationListTableViewCell.swift in Sources */ = {isa = PBXBuildFile; fileRef = 0584559F2B187B3C000D3448 /* GasStationListTableViewCell.swift */; };
		059093D02AFCAEE700E0F1DD /* DispatchScheduleViewController.swift in Sources */ = {isa = PBXBuildFile; fileRef = 059093CF2AFCAEE700E0F1DD /* DispatchScheduleViewController.swift */; };
		059093D22AFCAFA000E0F1DD /* DispatchScheduleTableViewCell.swift in Sources */ = {isa = PBXBuildFile; fileRef = 059093D12AFCAFA000E0F1DD /* DispatchScheduleTableViewCell.swift */; };
		059332722B4E14FE0074C13A /* DispatchDrivingTitleTableViewCell.swift in Sources */ = {isa = PBXBuildFile; fileRef = 059332712B4E14FE0074C13A /* DispatchDrivingTitleTableViewCell.swift */; };
		059332742B4E179A0074C13A /* DispatchDrivingRegularlyTableViewCell.swift in Sources */ = {isa = PBXBuildFile; fileRef = 059332732B4E179A0074C13A /* DispatchDrivingRegularlyTableViewCell.swift */; };
		059332762B4E17A30074C13A /* DispatchDrivingOrderTableViewCell.swift in Sources */ = {isa = PBXBuildFile; fileRef = 059332752B4E17A30074C13A /* DispatchDrivingOrderTableViewCell.swift */; };
		059332782B4E1ACC0074C13A /* Extension.swift in Sources */ = {isa = PBXBuildFile; fileRef = 059332772B4E1ACC0074C13A /* Extension.swift */; };
		0593327A2B4E2CC00074C13A /* DispatchDrivingDetailPathTableViewCell.swift in Sources */ = {isa = PBXBuildFile; fileRef = 059332792B4E2CC00074C13A /* DispatchDrivingDetailPathTableViewCell.swift */; };
		0593327C2B4E2D9B0074C13A /* DetailPathTableViewCell.swift in Sources */ = {isa = PBXBuildFile; fileRef = 0593327B2B4E2D9B0074C13A /* DetailPathTableViewCell.swift */; };
		0593327E2B4E3A8A0074C13A /* DispatchDrivingDoneTableViewCell.swift in Sources */ = {isa = PBXBuildFile; fileRef = 0593327D2B4E3A8A0074C13A /* DispatchDrivingDoneTableViewCell.swift */; };
		0594D3272B56570D00283C6D /* RenewalDispatchSearchViewController.swift in Sources */ = {isa = PBXBuildFile; fileRef = 0594D3262B56570D00283C6D /* RenewalDispatchSearchViewController.swift */; };
		0594D32A2B56615200283C6D /* SearchClassificationCollectionViewCell.swift in Sources */ = {isa = PBXBuildFile; fileRef = 0594D3292B56615200283C6D /* SearchClassificationCollectionViewCell.swift */; };
		0594D32C2B5673B800283C6D /* RenewalDispatchSearchListViewController.swift in Sources */ = {isa = PBXBuildFile; fileRef = 0594D32B2B5673B800283C6D /* RenewalDispatchSearchListViewController.swift */; };
		0596A4432B2A8F2A00D2C3AA /* DispatchInspectionViewController.swift in Sources */ = {isa = PBXBuildFile; fileRef = 0596A4422B2A8F2A00D2C3AA /* DispatchInspectionViewController.swift */; };
		0596A4452B2A8F5F00D2C3AA /* DispatchInspectionTableViewCell.swift in Sources */ = {isa = PBXBuildFile; fileRef = 0596A4442B2A8F5F00D2C3AA /* DispatchInspectionTableViewCell.swift */; };
		0596A4472B2AD36000D2C3AA /* RenewalDispatchRegularlyTableViewCell.swift in Sources */ = {isa = PBXBuildFile; fileRef = 0596A4462B2AD36000D2C3AA /* RenewalDispatchRegularlyTableViewCell.swift */; };
		0596A4492B2AD38500D2C3AA /* RenewalDispatchOrderTableViewCell.swift in Sources */ = {isa = PBXBuildFile; fileRef = 0596A4482B2AD38500D2C3AA /* RenewalDispatchOrderTableViewCell.swift */; };
		0596A44B2B2AEFD200D2C3AA /* TaskViewController.swift in Sources */ = {isa = PBXBuildFile; fileRef = 0596A44A2B2AEFD200D2C3AA /* TaskViewController.swift */; };
		0598670F2B7B5C9C005E51A9 /* KingbusAlarmSound.caf in Resources */ = {isa = PBXBuildFile; fileRef = 0598670E2B7B5C9C005E51A9 /* KingbusAlarmSound.caf */; };
		05AD00332B4F76EF00216F0A /* DispatchScheduleDetailViewController.swift in Sources */ = {isa = PBXBuildFile; fileRef = 05AD00322B4F76EF00216F0A /* DispatchScheduleDetailViewController.swift */; };
		05AD00352B4F807300216F0A /* DispatchScheduleDetailTableViewCell.swift in Sources */ = {isa = PBXBuildFile; fileRef = 05AD00342B4F807300216F0A /* DispatchScheduleDetailTableViewCell.swift */; };
		05AD44082B57653A007FB0CF /* AccidentResponseViewController.swift in Sources */ = {isa = PBXBuildFile; fileRef = 05AD44072B57653A007FB0CF /* AccidentResponseViewController.swift */; };
		05AD442C2B57A398007FB0CF /* AccidentPhotoViewController.swift in Sources */ = {isa = PBXBuildFile; fileRef = 05AD442B2B57A398007FB0CF /* AccidentPhotoViewController.swift */; };
		05AD442E2B57A463007FB0CF /* AccidentPhotoTableViewCell.swift in Sources */ = {isa = PBXBuildFile; fileRef = 05AD442D2B57A463007FB0CF /* AccidentPhotoTableViewCell.swift */; };
		05AD44322B57AD29007FB0CF /* AccidentReasonViewController.swift in Sources */ = {isa = PBXBuildFile; fileRef = 05AD44312B57AD29007FB0CF /* AccidentReasonViewController.swift */; };
		05C7E76A2B2716E100EEDD2C /* GarageListViewController.swift in Sources */ = {isa = PBXBuildFile; fileRef = 05C7E7692B2716E100EEDD2C /* GarageListViewController.swift */; };
		05C7E76C2B2716E700EEDD2C /* GarageTableViewCell.swift in Sources */ = {isa = PBXBuildFile; fileRef = 05C7E76B2B2716E700EEDD2C /* GarageTableViewCell.swift */; };
		16E2C467A0658AD11CAC6652 /* Pods_RPATest.framework in Frameworks */ = {isa = PBXBuildFile; fileRef = BE3980D2E164051825B3CB6E /* Pods_RPATest.framework */; };
		2D0F01742B57EEFA002F3160 /* AccidentResponseTableViewCell.swift in Sources */ = {isa = PBXBuildFile; fileRef = 2D0F01732B57EEFA002F3160 /* AccidentResponseTableViewCell.swift */; };
		2D0F01762B57F4FD002F3160 /* AccidentSafeCheckViewController.swift in Sources */ = {isa = PBXBuildFile; fileRef = 2D0F01752B57F4FD002F3160 /* AccidentSafeCheckViewController.swift */; };
		2D0F01782B57F8F2002F3160 /* AccidentNameListViewController.swift in Sources */ = {isa = PBXBuildFile; fileRef = 2D0F01772B57F8F2002F3160 /* AccidentNameListViewController.swift */; };
		2D4D26982B31C4050040C0C6 /* DispatchNoteSelectTimeViewController.swift in Sources */ = {isa = PBXBuildFile; fileRef = 2D4D26972B31C4050040C0C6 /* DispatchNoteSelectTimeViewController.swift */; };
		2DCBDFEB2AEE33C1000685F5 /* OrganizationModel.swift in Sources */ = {isa = PBXBuildFile; fileRef = 2DCBDFEA2AEE33C1000685F5 /* OrganizationModel.swift */; };
		2DE378552B1C6850000741DD /* DispatchMonthlyNoteViewController.swift in Sources */ = {isa = PBXBuildFile; fileRef = 2DE378542B1C6850000741DD /* DispatchMonthlyNoteViewController.swift */; };
		2DE6AAD02B569C9F002FBCA6 /* RenewalDispatchSearchListTableViewCell.swift in Sources */ = {isa = PBXBuildFile; fileRef = 2DE6AACF2B569C9F002FBCA6 /* RenewalDispatchSearchListTableViewCell.swift */; };
		2DF808AA2B30499700DEE24C /* DispatchNoteDetailViewController.swift in Sources */ = {isa = PBXBuildFile; fileRef = 2DF808A92B30499700DEE24C /* DispatchNoteDetailViewController.swift */; };
		5F1A16182A74E23400132D29 /* Pretendard-Bold.otf in Resources */ = {isa = PBXBuildFile; fileRef = 5F1A16162A74E23400132D29 /* Pretendard-Bold.otf */; };
		5F1A16192A74E23400132D29 /* Pretendard-Medium.otf in Resources */ = {isa = PBXBuildFile; fileRef = 5F1A16172A74E23400132D29 /* Pretendard-Medium.otf */; };
		5F1A161B2A74EA6300132D29 /* PretendardVariable.ttf in Resources */ = {isa = PBXBuildFile; fileRef = 5F1A161A2A74EA6300132D29 /* PretendardVariable.ttf */; };
		5F1A16212A74EDF100132D29 /* SupportingMethods.swift in Sources */ = {isa = PBXBuildFile; fileRef = 5F1A16202A74EDF100132D29 /* SupportingMethods.swift */; };
		5F1A16232A74EECB00132D29 /* ReferenceValues.swift in Sources */ = {isa = PBXBuildFile; fileRef = 5F1A16222A74EECB00132D29 /* ReferenceValues.swift */; };
		5F1BB09F2A03D1210081DBBE /* AppDelegate.swift in Sources */ = {isa = PBXBuildFile; fileRef = 5F1BB09E2A03D1210081DBBE /* AppDelegate.swift */; };
		5F1BB0A12A03D1210081DBBE /* SceneDelegate.swift in Sources */ = {isa = PBXBuildFile; fileRef = 5F1BB0A02A03D1210081DBBE /* SceneDelegate.swift */; };
		5F1BB0A62A03D1210081DBBE /* Main.storyboard in Resources */ = {isa = PBXBuildFile; fileRef = 5F1BB0A42A03D1210081DBBE /* Main.storyboard */; };
		5F1BB0A82A03D1220081DBBE /* Assets.xcassets in Resources */ = {isa = PBXBuildFile; fileRef = 5F1BB0A72A03D1220081DBBE /* Assets.xcassets */; };
		5F1BB0AB2A03D1220081DBBE /* LaunchScreen.storyboard in Resources */ = {isa = PBXBuildFile; fileRef = 5F1BB0A92A03D1220081DBBE /* LaunchScreen.storyboard */; };
		5F1BB0B42A03D5300081DBBE /* LoginViewController.swift in Sources */ = {isa = PBXBuildFile; fileRef = 5F1BB0B32A03D5300081DBBE /* LoginViewController.swift */; };
		5F1BB0B72A03D6B30081DBBE /* LoginModel.swift in Sources */ = {isa = PBXBuildFile; fileRef = 5F1BB0B62A03D6B30081DBBE /* LoginModel.swift */; };
		5F1BB0B92A03D92E0081DBBE /* UserInfo.swift in Sources */ = {isa = PBXBuildFile; fileRef = 5F1BB0B82A03D92E0081DBBE /* UserInfo.swift */; };
		5F1BB0BD2A08AF590081DBBE /* Server.swift in Sources */ = {isa = PBXBuildFile; fileRef = 5F1BB0BC2A08AF590081DBBE /* Server.swift */; };
		5F680E9C2AA56CA40047ED65 /* ProfileCollectionViewCell.swift in Sources */ = {isa = PBXBuildFile; fileRef = 5F680E9B2AA56CA40047ED65 /* ProfileCollectionViewCell.swift */; };
		5F6B62F02AAF364A001FEED2 /* DispatchMonthlyViewController.swift in Sources */ = {isa = PBXBuildFile; fileRef = 5F6B62EF2AAF364A001FEED2 /* DispatchMonthlyViewController.swift */; };
		5FCC116D2AA3444300550534 /* DispatchModel.swift in Sources */ = {isa = PBXBuildFile; fileRef = 5FCC116C2AA3444300550534 /* DispatchModel.swift */; };
		5FCC116F2AA4638500550534 /* DispatchTableViewCell.swift in Sources */ = {isa = PBXBuildFile; fileRef = 5FCC116E2AA4638500550534 /* DispatchTableViewCell.swift */; };
		5FCC11742AA46DD900550534 /* OfficeViewController.swift in Sources */ = {isa = PBXBuildFile; fileRef = 5FCC11732AA46DD900550534 /* OfficeViewController.swift */; };
		5FCC11762AA46DE200550534 /* OrganizationViewController.swift in Sources */ = {isa = PBXBuildFile; fileRef = 5FCC11752AA46DE200550534 /* OrganizationViewController.swift */; };
		5FCC11782AA46DE900550534 /* ProfileViewController.swift in Sources */ = {isa = PBXBuildFile; fileRef = 5FCC11772AA46DE900550534 /* ProfileViewController.swift */; };
		5FCD8D412A6B9C82000AFC3F /* CompanyEnterViewController.swift in Sources */ = {isa = PBXBuildFile; fileRef = 5FCD8D402A6B9C82000AFC3F /* CompanyEnterViewController.swift */; };
		5FD49D102AA31A7700208273 /* DispatchViewController.swift in Sources */ = {isa = PBXBuildFile; fileRef = 5FD49D0F2AA31A7700208273 /* DispatchViewController.swift */; };
		5FD49D152AA31BBA00208273 /* TemplateViewController.swift in Sources */ = {isa = PBXBuildFile; fileRef = 5FD49D142AA31BB900208273 /* TemplateViewController.swift */; };
		5FD49D172AA31BCA00208273 /* TemplateTableViewCell.swift in Sources */ = {isa = PBXBuildFile; fileRef = 5FD49D162AA31BCA00208273 /* TemplateTableViewCell.swift */; };
		5FD49D192AA31BEE00208273 /* TemplateHeaderFooterView.swift in Sources */ = {isa = PBXBuildFile; fileRef = 5FD49D182AA31BEE00208273 /* TemplateHeaderFooterView.swift */; };
		5FD49D1B2AA31BFF00208273 /* TemplateCollectionViewCell.swift in Sources */ = {isa = PBXBuildFile; fileRef = 5FD49D1A2AA31BFF00208273 /* TemplateCollectionViewCell.swift */; };
		5FD8CC9D2A6BADC900D9C6D7 /* CommonModel.swift in Sources */ = {isa = PBXBuildFile; fileRef = 5FD8CC9C2A6BADC900D9C6D7 /* CommonModel.swift */; };
		5FE29CBE2A7E142A000748FC /* AlertPopViewController.swift in Sources */ = {isa = PBXBuildFile; fileRef = 5FE29CBD2A7E142A000748FC /* AlertPopViewController.swift */; };
		5FE29CC22A7E1588000748FC /* TabBarController.swift in Sources */ = {isa = PBXBuildFile; fileRef = 5FE29CC12A7E1588000748FC /* TabBarController.swift */; };
		5FE36A4C2AB57B6A006399BE /* GoogleService-Info.plist in Resources */ = {isa = PBXBuildFile; fileRef = 5FE36A4B2AB57B6A006399BE /* GoogleService-Info.plist */; };
/* End PBXBuildFile section */

/* Begin PBXFileReference section */
		053C55D32AA9AB86006A6D93 /* OrganizationTableViewCell.swift */ = {isa = PBXFileReference; lastKnownFileType = sourcecode.swift; path = OrganizationTableViewCell.swift; sourceTree = "<group>"; };
		055C2E6D2AB93B0C00726CD7 /* DispatchCategoryTableViewCell.swift */ = {isa = PBXFileReference; lastKnownFileType = sourcecode.swift; path = DispatchCategoryTableViewCell.swift; sourceTree = "<group>"; };
		055C2E6F2AB9577E00726CD7 /* DispatchSearchTableViewCell.swift */ = {isa = PBXFileReference; lastKnownFileType = sourcecode.swift; path = DispatchSearchTableViewCell.swift; sourceTree = "<group>"; };
		0561E7202AC29D3C00787B77 /* NavigationViewController.swift */ = {isa = PBXFileReference; lastKnownFileType = sourcecode.swift; path = NavigationViewController.swift; sourceTree = "<group>"; };
		0561E7222AC2A32100787B77 /* DispatchHomeCheckViewController.swift */ = {isa = PBXFileReference; lastKnownFileType = sourcecode.swift; path = DispatchHomeCheckViewController.swift; sourceTree = "<group>"; };
		0561E7242AC2BB3400787B77 /* ServerInspectionViewController.swift */ = {isa = PBXFileReference; lastKnownFileType = sourcecode.swift; path = ServerInspectionViewController.swift; sourceTree = "<group>"; };
		056A344F2ABBC53C00829750 /* OfficeModel.swift */ = {isa = PBXFileReference; lastKnownFileType = sourcecode.swift; path = OfficeModel.swift; sourceTree = "<group>"; };
		056A34512ABBCC4200829750 /* CheckPermissionViewController.swift */ = {isa = PBXFileReference; lastKnownFileType = sourcecode.swift; path = CheckPermissionViewController.swift; sourceTree = "<group>"; };
		056A34532ABBDAA700829750 /* OfficeCollectionViewCell.swift */ = {isa = PBXFileReference; lastKnownFileType = sourcecode.swift; path = OfficeCollectionViewCell.swift; sourceTree = "<group>"; };
		056A34572ABBDE9C00829750 /* NoticeViewController.swift */ = {isa = PBXFileReference; lastKnownFileType = sourcecode.swift; path = NoticeViewController.swift; sourceTree = "<group>"; };
		056A34592ABBE1D700829750 /* NoticeTableViewCell.swift */ = {isa = PBXFileReference; lastKnownFileType = sourcecode.swift; path = NoticeTableViewCell.swift; sourceTree = "<group>"; };
		056A345B2ABBF6D400829750 /* NoticeModel.swift */ = {isa = PBXFileReference; lastKnownFileType = sourcecode.swift; path = NoticeModel.swift; sourceTree = "<group>"; };
		056A345D2ABC054700829750 /* NoticeDetailViewController.swift */ = {isa = PBXFileReference; lastKnownFileType = sourcecode.swift; path = NoticeDetailViewController.swift; sourceTree = "<group>"; };
		056A345F2ABC071200829750 /* NoticeDetailTitleTableViewCell.swift */ = {isa = PBXFileReference; lastKnownFileType = sourcecode.swift; path = NoticeDetailTitleTableViewCell.swift; sourceTree = "<group>"; };
		056A34612ABC072F00829750 /* NoticeDetailTextTableViewCell.swift */ = {isa = PBXFileReference; lastKnownFileType = sourcecode.swift; path = NoticeDetailTextTableViewCell.swift; sourceTree = "<group>"; };
		056A34642ABC0EF000829750 /* InspectionViewController.swift */ = {isa = PBXFileReference; lastKnownFileType = sourcecode.swift; path = InspectionViewController.swift; sourceTree = "<group>"; };
		056A34662ABC0FED00829750 /* InspectionTableViewCell.swift */ = {isa = PBXFileReference; lastKnownFileType = sourcecode.swift; path = InspectionTableViewCell.swift; sourceTree = "<group>"; };
		056A34682ABC13CC00829750 /* InspectionModel.swift */ = {isa = PBXFileReference; lastKnownFileType = sourcecode.swift; path = InspectionModel.swift; sourceTree = "<group>"; };
		056A346A2ABC193B00829750 /* InspectionCreateViewController.swift */ = {isa = PBXFileReference; lastKnownFileType = sourcecode.swift; path = InspectionCreateViewController.swift; sourceTree = "<group>"; };
		056A346C2ABC1D4400829750 /* AddingContentCell.swift */ = {isa = PBXFileReference; lastKnownFileType = sourcecode.swift; path = AddingContentCell.swift; sourceTree = "<group>"; };
		056A346E2ABC1D7300829750 /* IndexPathButton.swift */ = {isa = PBXFileReference; lastKnownFileType = sourcecode.swift; path = IndexPathButton.swift; sourceTree = "<group>"; };
		056A34702ABC317F00829750 /* InspectionVehicleListViewController.swift */ = {isa = PBXFileReference; lastKnownFileType = sourcecode.swift; path = InspectionVehicleListViewController.swift; sourceTree = "<group>"; };
		056A34722ABC31B400829750 /* InspectionVehicleListTableViewCell.swift */ = {isa = PBXFileReference; lastKnownFileType = sourcecode.swift; path = InspectionVehicleListTableViewCell.swift; sourceTree = "<group>"; };
		056A34752ABC393700829750 /* ConsultingModel.swift */ = {isa = PBXFileReference; lastKnownFileType = sourcecode.swift; path = ConsultingModel.swift; sourceTree = "<group>"; };
		056A34772ABC394600829750 /* ConsultingTableViewCell.swift */ = {isa = PBXFileReference; lastKnownFileType = sourcecode.swift; path = ConsultingTableViewCell.swift; sourceTree = "<group>"; };
		056A34792ABC394E00829750 /* ConsultingViewController.swift */ = {isa = PBXFileReference; lastKnownFileType = sourcecode.swift; path = ConsultingViewController.swift; sourceTree = "<group>"; };
		056A759A2B059DCE00C25711 /* OrganizationViewPagerViewController.swift */ = {isa = PBXFileReference; lastKnownFileType = sourcecode.swift; path = OrganizationViewPagerViewController.swift; sourceTree = "<group>"; };
		056A759C2B059E2600C25711 /* OrganizationViewPagerCollectionViewCell.swift */ = {isa = PBXFileReference; lastKnownFileType = sourcecode.swift; path = OrganizationViewPagerCollectionViewCell.swift; sourceTree = "<group>"; };
		056A75A22B05D03600C25711 /* OrganizationSearchViewController.swift */ = {isa = PBXFileReference; lastKnownFileType = sourcecode.swift; path = OrganizationSearchViewController.swift; sourceTree = "<group>"; };
		056A75A42B05D18800C25711 /* OrganizationSearchTableViewCell.swift */ = {isa = PBXFileReference; lastKnownFileType = sourcecode.swift; path = OrganizationSearchTableViewCell.swift; sourceTree = "<group>"; };
		056B49472B218F8600F7A3A4 /* DispatchNoteRegularlyTableViewCell.swift */ = {isa = PBXFileReference; lastKnownFileType = sourcecode.swift; path = DispatchNoteRegularlyTableViewCell.swift; sourceTree = "<group>"; };
		056B49492B218F9300F7A3A4 /* DispatchNoteOrderTableViewCell.swift */ = {isa = PBXFileReference; lastKnownFileType = sourcecode.swift; path = DispatchNoteOrderTableViewCell.swift; sourceTree = "<group>"; };
		056B494B2B21AE3E00F7A3A4 /* MorningRollCallViewController.swift */ = {isa = PBXFileReference; lastKnownFileType = sourcecode.swift; path = MorningRollCallViewController.swift; sourceTree = "<group>"; };
		056B494D2B21AE4F00F7A3A4 /* EveningRollCallViewController.swift */ = {isa = PBXFileReference; lastKnownFileType = sourcecode.swift; path = EveningRollCallViewController.swift; sourceTree = "<group>"; };
		056B494F2B21B53F00F7A3A4 /* MorningRollCallTableViewCell.swift */ = {isa = PBXFileReference; lastKnownFileType = sourcecode.swift; path = MorningRollCallTableViewCell.swift; sourceTree = "<group>"; };
		056BF5032AF3518900B4C389 /* BottomSheetViewController.swift */ = {isa = PBXFileReference; lastKnownFileType = sourcecode.swift; path = BottomSheetViewController.swift; sourceTree = "<group>"; };
		056BF5052AF351BF00B4C389 /* DispatchRefuelingBottomSheetViewController.swift */ = {isa = PBXFileReference; lastKnownFileType = sourcecode.swift; path = DispatchRefuelingBottomSheetViewController.swift; sourceTree = "<group>"; };
		057000D22AB29D49007F650E /* DispatchCheckOrderTableViewCell.swift */ = {isa = PBXFileReference; lastKnownFileType = sourcecode.swift; path = DispatchCheckOrderTableViewCell.swift; sourceTree = "<group>"; };
		057000D42AB2D095007F650E /* DispatchCheckPopViewController.swift */ = {isa = PBXFileReference; lastKnownFileType = sourcecode.swift; path = DispatchCheckPopViewController.swift; sourceTree = "<group>"; };
		057000D62AB2E5EA007F650E /* DispatchCheckDenyViewController.swift */ = {isa = PBXFileReference; lastKnownFileType = sourcecode.swift; path = DispatchCheckDenyViewController.swift; sourceTree = "<group>"; };
		05709D6D2B1FFA2900748F52 /* DispatchNoteListViewController.swift */ = {isa = PBXFileReference; lastKnownFileType = sourcecode.swift; path = DispatchNoteListViewController.swift; sourceTree = "<group>"; };
		0573B5092B22D28B005F1F4F /* SelectTimeViewController.swift */ = {isa = PBXFileReference; lastKnownFileType = sourcecode.swift; path = SelectTimeViewController.swift; sourceTree = "<group>"; };
		0575AC0F2B4CB794005F79AA /* DispatchDrivingDetailViewController.swift */ = {isa = PBXFileReference; lastKnownFileType = sourcecode.swift; path = DispatchDrivingDetailViewController.swift; sourceTree = "<group>"; };
		057736BC2B0EFE32005C01EA /* ProfileSalaryStatementViewController.swift */ = {isa = PBXFileReference; lastKnownFileType = sourcecode.swift; path = ProfileSalaryStatementViewController.swift; sourceTree = "<group>"; };
		057736BE2B0F0AB7005C01EA /* RenewalProfileViewController.swift */ = {isa = PBXFileReference; lastKnownFileType = sourcecode.swift; path = RenewalProfileViewController.swift; sourceTree = "<group>"; };
		057D941E2AB1862900779CFF /* DispatchCheckViewController.swift */ = {isa = PBXFileReference; lastKnownFileType = sourcecode.swift; path = DispatchCheckViewController.swift; sourceTree = "<group>"; };
		057D94202AB18DA300779CFF /* DispatchCheckTableViewCell.swift */ = {isa = PBXFileReference; lastKnownFileType = sourcecode.swift; path = DispatchCheckTableViewCell.swift; sourceTree = "<group>"; };
		057DDD612B58A1A200EE110A /* AccidentCallListViewController.swift */ = {isa = PBXFileReference; lastKnownFileType = sourcecode.swift; path = AccidentCallListViewController.swift; sourceTree = "<group>"; };
		057DDD632B58A24C00EE110A /* AccidentCallListTableViewCell.swift */ = {isa = PBXFileReference; lastKnownFileType = sourcecode.swift; path = AccidentCallListTableViewCell.swift; sourceTree = "<group>"; };
		057DDD672B58C0F900EE110A /* AccidentBeforeDrivingViewController.swift */ = {isa = PBXFileReference; lastKnownFileType = sourcecode.swift; path = AccidentBeforeDrivingViewController.swift; sourceTree = "<group>"; };
		057DDD692B58C22600EE110A /* AccidentLastFlowViewController.swift */ = {isa = PBXFileReference; lastKnownFileType = sourcecode.swift; path = AccidentLastFlowViewController.swift; sourceTree = "<group>"; };
		057E24812B5E48C600633D2F /* CarManageViewController.swift */ = {isa = PBXFileReference; lastKnownFileType = sourcecode.swift; path = CarManageViewController.swift; sourceTree = "<group>"; };
		057E24832B5E4C2400633D2F /* CarManageTableViewCell.swift */ = {isa = PBXFileReference; lastKnownFileType = sourcecode.swift; path = CarManageTableViewCell.swift; sourceTree = "<group>"; };
		057E24852B5E567600633D2F /* CarManageInspectionViewController.swift */ = {isa = PBXFileReference; lastKnownFileType = sourcecode.swift; path = CarManageInspectionViewController.swift; sourceTree = "<group>"; };
		057E24872B5E569000633D2F /* CarManageInspectionTableViewCell.swift */ = {isa = PBXFileReference; lastKnownFileType = sourcecode.swift; path = CarManageInspectionTableViewCell.swift; sourceTree = "<group>"; };
		05821A942B0DCDEA007049C9 /* RenewalDispatchViewController.swift */ = {isa = PBXFileReference; lastKnownFileType = sourcecode.swift; path = RenewalDispatchViewController.swift; sourceTree = "<group>"; };
		05821A982B0DD443007049C9 /* ProfileModel.swift */ = {isa = PBXFileReference; lastKnownFileType = sourcecode.swift; path = ProfileModel.swift; sourceTree = "<group>"; };
		05821A9C2B0DE685007049C9 /* DispatchRegularlyTableViewCell.swift */ = {isa = PBXFileReference; lastKnownFileType = sourcecode.swift; path = DispatchRegularlyTableViewCell.swift; sourceTree = "<group>"; };
		05821A9E2B0DE718007049C9 /* DispatchOrderTableViewCell.swift */ = {isa = PBXFileReference; lastKnownFileType = sourcecode.swift; path = DispatchOrderTableViewCell.swift; sourceTree = "<group>"; };
		05821AA02B0DEBC1007049C9 /* TempateViewPagerViewController.swift */ = {isa = PBXFileReference; lastKnownFileType = sourcecode.swift; path = TempateViewPagerViewController.swift; sourceTree = "<group>"; };
		05821AA22B0DEBCE007049C9 /* ViewPagerCollectionViewCell.swift */ = {isa = PBXFileReference; lastKnownFileType = sourcecode.swift; path = ViewPagerCollectionViewCell.swift; sourceTree = "<group>"; };
		05821AA42B0DEC94007049C9 /* TemplateView.swift */ = {isa = PBXFileReference; lastKnownFileType = sourcecode.swift; path = TemplateView.swift; sourceTree = "<group>"; };
		0582C5A72AB8218D0045CBCB /* DispatchSearchViewController.swift */ = {isa = PBXFileReference; lastKnownFileType = sourcecode.swift; path = DispatchSearchViewController.swift; sourceTree = "<group>"; };
		0582C5A92AB842BF0045CBCB /* DispatchCategoryViewController.swift */ = {isa = PBXFileReference; lastKnownFileType = sourcecode.swift; path = DispatchCategoryViewController.swift; sourceTree = "<group>"; };
		0584559D2B187B35000D3448 /* GasStationListViewController.swift */ = {isa = PBXFileReference; lastKnownFileType = sourcecode.swift; path = GasStationListViewController.swift; sourceTree = "<group>"; };
		0584559F2B187B3C000D3448 /* GasStationListTableViewCell.swift */ = {isa = PBXFileReference; lastKnownFileType = sourcecode.swift; path = GasStationListTableViewCell.swift; sourceTree = "<group>"; };
		059093CF2AFCAEE700E0F1DD /* DispatchScheduleViewController.swift */ = {isa = PBXFileReference; lastKnownFileType = sourcecode.swift; path = DispatchScheduleViewController.swift; sourceTree = "<group>"; };
		059093D12AFCAFA000E0F1DD /* DispatchScheduleTableViewCell.swift */ = {isa = PBXFileReference; lastKnownFileType = sourcecode.swift; path = DispatchScheduleTableViewCell.swift; sourceTree = "<group>"; };
		059332712B4E14FE0074C13A /* DispatchDrivingTitleTableViewCell.swift */ = {isa = PBXFileReference; lastKnownFileType = sourcecode.swift; path = DispatchDrivingTitleTableViewCell.swift; sourceTree = "<group>"; };
		059332732B4E179A0074C13A /* DispatchDrivingRegularlyTableViewCell.swift */ = {isa = PBXFileReference; lastKnownFileType = sourcecode.swift; path = DispatchDrivingRegularlyTableViewCell.swift; sourceTree = "<group>"; };
		059332752B4E17A30074C13A /* DispatchDrivingOrderTableViewCell.swift */ = {isa = PBXFileReference; lastKnownFileType = sourcecode.swift; path = DispatchDrivingOrderTableViewCell.swift; sourceTree = "<group>"; };
		059332772B4E1ACC0074C13A /* Extension.swift */ = {isa = PBXFileReference; lastKnownFileType = sourcecode.swift; path = Extension.swift; sourceTree = "<group>"; };
		059332792B4E2CC00074C13A /* DispatchDrivingDetailPathTableViewCell.swift */ = {isa = PBXFileReference; lastKnownFileType = sourcecode.swift; path = DispatchDrivingDetailPathTableViewCell.swift; sourceTree = "<group>"; };
		0593327B2B4E2D9B0074C13A /* DetailPathTableViewCell.swift */ = {isa = PBXFileReference; lastKnownFileType = sourcecode.swift; path = DetailPathTableViewCell.swift; sourceTree = "<group>"; };
		0593327D2B4E3A8A0074C13A /* DispatchDrivingDoneTableViewCell.swift */ = {isa = PBXFileReference; lastKnownFileType = sourcecode.swift; path = DispatchDrivingDoneTableViewCell.swift; sourceTree = "<group>"; };
		0594D3262B56570D00283C6D /* RenewalDispatchSearchViewController.swift */ = {isa = PBXFileReference; lastKnownFileType = sourcecode.swift; path = RenewalDispatchSearchViewController.swift; sourceTree = "<group>"; };
		0594D3292B56615200283C6D /* SearchClassificationCollectionViewCell.swift */ = {isa = PBXFileReference; lastKnownFileType = sourcecode.swift; path = SearchClassificationCollectionViewCell.swift; sourceTree = "<group>"; };
		0594D32B2B5673B800283C6D /* RenewalDispatchSearchListViewController.swift */ = {isa = PBXFileReference; lastKnownFileType = sourcecode.swift; path = RenewalDispatchSearchListViewController.swift; sourceTree = "<group>"; };
		0596A4422B2A8F2A00D2C3AA /* DispatchInspectionViewController.swift */ = {isa = PBXFileReference; lastKnownFileType = sourcecode.swift; path = DispatchInspectionViewController.swift; sourceTree = "<group>"; };
		0596A4442B2A8F5F00D2C3AA /* DispatchInspectionTableViewCell.swift */ = {isa = PBXFileReference; lastKnownFileType = sourcecode.swift; path = DispatchInspectionTableViewCell.swift; sourceTree = "<group>"; };
		0596A4462B2AD36000D2C3AA /* RenewalDispatchRegularlyTableViewCell.swift */ = {isa = PBXFileReference; lastKnownFileType = sourcecode.swift; path = RenewalDispatchRegularlyTableViewCell.swift; sourceTree = "<group>"; };
		0596A4482B2AD38500D2C3AA /* RenewalDispatchOrderTableViewCell.swift */ = {isa = PBXFileReference; lastKnownFileType = sourcecode.swift; path = RenewalDispatchOrderTableViewCell.swift; sourceTree = "<group>"; };
		0596A44A2B2AEFD200D2C3AA /* TaskViewController.swift */ = {isa = PBXFileReference; lastKnownFileType = sourcecode.swift; path = TaskViewController.swift; sourceTree = "<group>"; };
		0598670E2B7B5C9C005E51A9 /* KingbusAlarmSound.caf */ = {isa = PBXFileReference; lastKnownFileType = file; path = KingbusAlarmSound.caf; sourceTree = "<group>"; };
		05AD00322B4F76EF00216F0A /* DispatchScheduleDetailViewController.swift */ = {isa = PBXFileReference; lastKnownFileType = sourcecode.swift; path = DispatchScheduleDetailViewController.swift; sourceTree = "<group>"; };
		05AD00342B4F807300216F0A /* DispatchScheduleDetailTableViewCell.swift */ = {isa = PBXFileReference; lastKnownFileType = sourcecode.swift; path = DispatchScheduleDetailTableViewCell.swift; sourceTree = "<group>"; };
		05AD44072B57653A007FB0CF /* AccidentResponseViewController.swift */ = {isa = PBXFileReference; lastKnownFileType = sourcecode.swift; path = AccidentResponseViewController.swift; sourceTree = "<group>"; };
		05AD442B2B57A398007FB0CF /* AccidentPhotoViewController.swift */ = {isa = PBXFileReference; lastKnownFileType = sourcecode.swift; path = AccidentPhotoViewController.swift; sourceTree = "<group>"; };
		05AD442D2B57A463007FB0CF /* AccidentPhotoTableViewCell.swift */ = {isa = PBXFileReference; lastKnownFileType = sourcecode.swift; path = AccidentPhotoTableViewCell.swift; sourceTree = "<group>"; };
		05AD44312B57AD29007FB0CF /* AccidentReasonViewController.swift */ = {isa = PBXFileReference; lastKnownFileType = sourcecode.swift; path = AccidentReasonViewController.swift; sourceTree = "<group>"; };
		05C7E7692B2716E100EEDD2C /* GarageListViewController.swift */ = {isa = PBXFileReference; lastKnownFileType = sourcecode.swift; path = GarageListViewController.swift; sourceTree = "<group>"; };
		05C7E76B2B2716E700EEDD2C /* GarageTableViewCell.swift */ = {isa = PBXFileReference; lastKnownFileType = sourcecode.swift; path = GarageTableViewCell.swift; sourceTree = "<group>"; };
		06EE240AA4CC2BD5297F34A3 /* Pods-RPATest.debug.xcconfig */ = {isa = PBXFileReference; includeInIndex = 1; lastKnownFileType = text.xcconfig; name = "Pods-RPATest.debug.xcconfig"; path = "Target Support Files/Pods-RPATest/Pods-RPATest.debug.xcconfig"; sourceTree = "<group>"; };
		2D0F01732B57EEFA002F3160 /* AccidentResponseTableViewCell.swift */ = {isa = PBXFileReference; lastKnownFileType = sourcecode.swift; path = AccidentResponseTableViewCell.swift; sourceTree = "<group>"; };
		2D0F01752B57F4FD002F3160 /* AccidentSafeCheckViewController.swift */ = {isa = PBXFileReference; lastKnownFileType = sourcecode.swift; path = AccidentSafeCheckViewController.swift; sourceTree = "<group>"; };
		2D0F01772B57F8F2002F3160 /* AccidentNameListViewController.swift */ = {isa = PBXFileReference; lastKnownFileType = sourcecode.swift; path = AccidentNameListViewController.swift; sourceTree = "<group>"; };
		2D4D26972B31C4050040C0C6 /* DispatchNoteSelectTimeViewController.swift */ = {isa = PBXFileReference; lastKnownFileType = sourcecode.swift; path = DispatchNoteSelectTimeViewController.swift; sourceTree = "<group>"; };
		2DCBDFEA2AEE33C1000685F5 /* OrganizationModel.swift */ = {isa = PBXFileReference; lastKnownFileType = sourcecode.swift; path = OrganizationModel.swift; sourceTree = "<group>"; };
		2DE378542B1C6850000741DD /* DispatchMonthlyNoteViewController.swift */ = {isa = PBXFileReference; lastKnownFileType = sourcecode.swift; path = DispatchMonthlyNoteViewController.swift; sourceTree = "<group>"; };
		2DE6AACF2B569C9F002FBCA6 /* RenewalDispatchSearchListTableViewCell.swift */ = {isa = PBXFileReference; lastKnownFileType = sourcecode.swift; path = RenewalDispatchSearchListTableViewCell.swift; sourceTree = "<group>"; };
		2DF808A92B30499700DEE24C /* DispatchNoteDetailViewController.swift */ = {isa = PBXFileReference; lastKnownFileType = sourcecode.swift; path = DispatchNoteDetailViewController.swift; sourceTree = "<group>"; };
		5F1A16162A74E23400132D29 /* Pretendard-Bold.otf */ = {isa = PBXFileReference; lastKnownFileType = file; path = "Pretendard-Bold.otf"; sourceTree = "<group>"; };
		5F1A16172A74E23400132D29 /* Pretendard-Medium.otf */ = {isa = PBXFileReference; lastKnownFileType = file; path = "Pretendard-Medium.otf"; sourceTree = "<group>"; };
		5F1A161A2A74EA6300132D29 /* PretendardVariable.ttf */ = {isa = PBXFileReference; lastKnownFileType = file; path = PretendardVariable.ttf; sourceTree = "<group>"; };
		5F1A16202A74EDF100132D29 /* SupportingMethods.swift */ = {isa = PBXFileReference; lastKnownFileType = sourcecode.swift; path = SupportingMethods.swift; sourceTree = "<group>"; };
		5F1A16222A74EECB00132D29 /* ReferenceValues.swift */ = {isa = PBXFileReference; lastKnownFileType = sourcecode.swift; path = ReferenceValues.swift; sourceTree = "<group>"; };
		5F1BB09B2A03D1210081DBBE /* RPATest.app */ = {isa = PBXFileReference; explicitFileType = wrapper.application; includeInIndex = 0; path = RPATest.app; sourceTree = BUILT_PRODUCTS_DIR; };
		5F1BB09E2A03D1210081DBBE /* AppDelegate.swift */ = {isa = PBXFileReference; lastKnownFileType = sourcecode.swift; path = AppDelegate.swift; sourceTree = "<group>"; };
		5F1BB0A02A03D1210081DBBE /* SceneDelegate.swift */ = {isa = PBXFileReference; lastKnownFileType = sourcecode.swift; path = SceneDelegate.swift; sourceTree = "<group>"; };
		5F1BB0A52A03D1210081DBBE /* Base */ = {isa = PBXFileReference; lastKnownFileType = file.storyboard; name = Base; path = Base.lproj/Main.storyboard; sourceTree = "<group>"; };
		5F1BB0A72A03D1220081DBBE /* Assets.xcassets */ = {isa = PBXFileReference; lastKnownFileType = folder.assetcatalog; path = Assets.xcassets; sourceTree = "<group>"; };
		5F1BB0AA2A03D1220081DBBE /* Base */ = {isa = PBXFileReference; lastKnownFileType = file.storyboard; name = Base; path = Base.lproj/LaunchScreen.storyboard; sourceTree = "<group>"; };
		5F1BB0AC2A03D1220081DBBE /* Info.plist */ = {isa = PBXFileReference; lastKnownFileType = text.plist.xml; path = Info.plist; sourceTree = "<group>"; };
		5F1BB0B32A03D5300081DBBE /* LoginViewController.swift */ = {isa = PBXFileReference; lastKnownFileType = sourcecode.swift; path = LoginViewController.swift; sourceTree = "<group>"; };
		5F1BB0B62A03D6B30081DBBE /* LoginModel.swift */ = {isa = PBXFileReference; lastKnownFileType = sourcecode.swift; path = LoginModel.swift; sourceTree = "<group>"; };
		5F1BB0B82A03D92E0081DBBE /* UserInfo.swift */ = {isa = PBXFileReference; lastKnownFileType = sourcecode.swift; path = UserInfo.swift; sourceTree = "<group>"; };
		5F1BB0BC2A08AF590081DBBE /* Server.swift */ = {isa = PBXFileReference; lastKnownFileType = sourcecode.swift; path = Server.swift; sourceTree = "<group>"; };
		5F680E9B2AA56CA40047ED65 /* ProfileCollectionViewCell.swift */ = {isa = PBXFileReference; lastKnownFileType = sourcecode.swift; path = ProfileCollectionViewCell.swift; sourceTree = "<group>"; };
		5F6B62EF2AAF364A001FEED2 /* DispatchMonthlyViewController.swift */ = {isa = PBXFileReference; lastKnownFileType = sourcecode.swift; path = DispatchMonthlyViewController.swift; sourceTree = "<group>"; };
		5FCC116C2AA3444300550534 /* DispatchModel.swift */ = {isa = PBXFileReference; lastKnownFileType = sourcecode.swift; path = DispatchModel.swift; sourceTree = "<group>"; };
		5FCC116E2AA4638500550534 /* DispatchTableViewCell.swift */ = {isa = PBXFileReference; lastKnownFileType = sourcecode.swift; path = DispatchTableViewCell.swift; sourceTree = "<group>"; };
		5FCC11732AA46DD900550534 /* OfficeViewController.swift */ = {isa = PBXFileReference; lastKnownFileType = sourcecode.swift; path = OfficeViewController.swift; sourceTree = "<group>"; };
		5FCC11752AA46DE200550534 /* OrganizationViewController.swift */ = {isa = PBXFileReference; lastKnownFileType = sourcecode.swift; path = OrganizationViewController.swift; sourceTree = "<group>"; };
		5FCC11772AA46DE900550534 /* ProfileViewController.swift */ = {isa = PBXFileReference; lastKnownFileType = sourcecode.swift; path = ProfileViewController.swift; sourceTree = "<group>"; };
		5FCD8D402A6B9C82000AFC3F /* CompanyEnterViewController.swift */ = {isa = PBXFileReference; lastKnownFileType = sourcecode.swift; path = CompanyEnterViewController.swift; sourceTree = "<group>"; };
		5FD49D0F2AA31A7700208273 /* DispatchViewController.swift */ = {isa = PBXFileReference; lastKnownFileType = sourcecode.swift; path = DispatchViewController.swift; sourceTree = "<group>"; };
		5FD49D142AA31BB900208273 /* TemplateViewController.swift */ = {isa = PBXFileReference; lastKnownFileType = sourcecode.swift; path = TemplateViewController.swift; sourceTree = "<group>"; };
		5FD49D162AA31BCA00208273 /* TemplateTableViewCell.swift */ = {isa = PBXFileReference; lastKnownFileType = sourcecode.swift; path = TemplateTableViewCell.swift; sourceTree = "<group>"; };
		5FD49D182AA31BEE00208273 /* TemplateHeaderFooterView.swift */ = {isa = PBXFileReference; lastKnownFileType = sourcecode.swift; path = TemplateHeaderFooterView.swift; sourceTree = "<group>"; };
		5FD49D1A2AA31BFF00208273 /* TemplateCollectionViewCell.swift */ = {isa = PBXFileReference; lastKnownFileType = sourcecode.swift; path = TemplateCollectionViewCell.swift; sourceTree = "<group>"; };
		5FD8CC9C2A6BADC900D9C6D7 /* CommonModel.swift */ = {isa = PBXFileReference; lastKnownFileType = sourcecode.swift; path = CommonModel.swift; sourceTree = "<group>"; };
		5FE29CBD2A7E142A000748FC /* AlertPopViewController.swift */ = {isa = PBXFileReference; lastKnownFileType = sourcecode.swift; path = AlertPopViewController.swift; sourceTree = "<group>"; };
		5FE29CC12A7E1588000748FC /* TabBarController.swift */ = {isa = PBXFileReference; lastKnownFileType = sourcecode.swift; path = TabBarController.swift; sourceTree = "<group>"; };
		5FE36A4B2AB57B6A006399BE /* GoogleService-Info.plist */ = {isa = PBXFileReference; fileEncoding = 4; lastKnownFileType = text.plist.xml; path = "GoogleService-Info.plist"; sourceTree = "<group>"; };
		5FE36A4D2AB58902006399BE /* RPATest.entitlements */ = {isa = PBXFileReference; lastKnownFileType = text.plist.entitlements; path = RPATest.entitlements; sourceTree = "<group>"; };
		68FC532789A4480F0CA48CDE /* Pods-RPATest.release.xcconfig */ = {isa = PBXFileReference; includeInIndex = 1; lastKnownFileType = text.xcconfig; name = "Pods-RPATest.release.xcconfig"; path = "Target Support Files/Pods-RPATest/Pods-RPATest.release.xcconfig"; sourceTree = "<group>"; };
		BE3980D2E164051825B3CB6E /* Pods_RPATest.framework */ = {isa = PBXFileReference; explicitFileType = wrapper.framework; includeInIndex = 0; path = Pods_RPATest.framework; sourceTree = BUILT_PRODUCTS_DIR; };
/* End PBXFileReference section */

/* Begin PBXFrameworksBuildPhase section */
		5F1BB0982A03D1210081DBBE /* Frameworks */ = {
			isa = PBXFrameworksBuildPhase;
			buildActionMask = 2147483647;
			files = (
				16E2C467A0658AD11CAC6652 /* Pods_RPATest.framework in Frameworks */,
			);
			runOnlyForDeploymentPostprocessing = 0;
		};
/* End PBXFrameworksBuildPhase section */

/* Begin PBXGroup section */
		056A34552ABBDE4400829750 /* Home */ = {
			isa = PBXGroup;
			children = (
				5FCC11732AA46DD900550534 /* OfficeViewController.swift */,
				056A34532ABBDAA700829750 /* OfficeCollectionViewCell.swift */,
				056BF5052AF351BF00B4C389 /* DispatchRefuelingBottomSheetViewController.swift */,
				0584559D2B187B35000D3448 /* GasStationListViewController.swift */,
				0584559F2B187B3C000D3448 /* GasStationListTableViewCell.swift */,
			);
			path = Home;
			sourceTree = "<group>";
		};
		056A34562ABBDE6000829750 /* Notice */ = {
			isa = PBXGroup;
			children = (
				056A345B2ABBF6D400829750 /* NoticeModel.swift */,
				056A34572ABBDE9C00829750 /* NoticeViewController.swift */,
				056A34592ABBE1D700829750 /* NoticeTableViewCell.swift */,
				056A345D2ABC054700829750 /* NoticeDetailViewController.swift */,
				056A345F2ABC071200829750 /* NoticeDetailTitleTableViewCell.swift */,
				056A34612ABC072F00829750 /* NoticeDetailTextTableViewCell.swift */,
			);
			path = Notice;
			sourceTree = "<group>";
		};
		056A34632ABC0EDE00829750 /* Inspection */ = {
			isa = PBXGroup;
			children = (
				057E24802B5E48AE00633D2F /* Renewal */,
				056A34682ABC13CC00829750 /* InspectionModel.swift */,
				056A34642ABC0EF000829750 /* InspectionViewController.swift */,
				056A34662ABC0FED00829750 /* InspectionTableViewCell.swift */,
				056A346A2ABC193B00829750 /* InspectionCreateViewController.swift */,
				056A346C2ABC1D4400829750 /* AddingContentCell.swift */,
				056A34702ABC317F00829750 /* InspectionVehicleListViewController.swift */,
				056A34722ABC31B400829750 /* InspectionVehicleListTableViewCell.swift */,
				056A346E2ABC1D7300829750 /* IndexPathButton.swift */,
			);
			path = Inspection;
			sourceTree = "<group>";
		};
		056A34742ABC38BF00829750 /* Consulting */ = {
			isa = PBXGroup;
			children = (
				056A34752ABC393700829750 /* ConsultingModel.swift */,
				056A34792ABC394E00829750 /* ConsultingViewController.swift */,
				056A34772ABC394600829750 /* ConsultingTableViewCell.swift */,
			);
			path = Consulting;
			sourceTree = "<group>";
		};
		057E24802B5E48AE00633D2F /* Renewal */ = {
			isa = PBXGroup;
			children = (
				057E24812B5E48C600633D2F /* CarManageViewController.swift */,
				057E24832B5E4C2400633D2F /* CarManageTableViewCell.swift */,
				057E24852B5E567600633D2F /* CarManageInspectionViewController.swift */,
				057E24872B5E569000633D2F /* CarManageInspectionTableViewCell.swift */,
			);
			path = Renewal;
			sourceTree = "<group>";
		};
		0582C5A42AB8215E0045CBCB /* Home */ = {
			isa = PBXGroup;
			children = (
				05821A942B0DCDEA007049C9 /* RenewalDispatchViewController.swift */,
				0596A4462B2AD36000D2C3AA /* RenewalDispatchRegularlyTableViewCell.swift */,
				0596A4482B2AD38500D2C3AA /* RenewalDispatchOrderTableViewCell.swift */,
				059332702B4E14E00074C13A /* DispatchDriving */,
				0596A44A2B2AEFD200D2C3AA /* TaskViewController.swift */,
				5FD49D0F2AA31A7700208273 /* DispatchViewController.swift */,
				05821A9C2B0DE685007049C9 /* DispatchRegularlyTableViewCell.swift */,
				05821A9E2B0DE718007049C9 /* DispatchOrderTableViewCell.swift */,
				5FCC116E2AA4638500550534 /* DispatchTableViewCell.swift */,
				0561E7222AC2A32100787B77 /* DispatchHomeCheckViewController.swift */,
				0596A4422B2A8F2A00D2C3AA /* DispatchInspectionViewController.swift */,
				0596A4442B2A8F5F00D2C3AA /* DispatchInspectionTableViewCell.swift */,
			);
			path = Home;
			sourceTree = "<group>";
		};
		0582C5A52AB8216C0045CBCB /* Month */ = {
			isa = PBXGroup;
			children = (
				5F6B62EF2AAF364A001FEED2 /* DispatchMonthlyViewController.swift */,
				057D941E2AB1862900779CFF /* DispatchCheckViewController.swift */,
				057000D42AB2D095007F650E /* DispatchCheckPopViewController.swift */,
				057000D62AB2E5EA007F650E /* DispatchCheckDenyViewController.swift */,
				057D94202AB18DA300779CFF /* DispatchCheckTableViewCell.swift */,
				057000D22AB29D49007F650E /* DispatchCheckOrderTableViewCell.swift */,
			);
			path = Month;
			sourceTree = "<group>";
		};
		0582C5A62AB821800045CBCB /* Search */ = {
			isa = PBXGroup;
			children = (
				0594D3282B56571100283C6D /* Renewal */,
				0582C5A72AB8218D0045CBCB /* DispatchSearchViewController.swift */,
				055C2E6F2AB9577E00726CD7 /* DispatchSearchTableViewCell.swift */,
				0582C5A92AB842BF0045CBCB /* DispatchCategoryViewController.swift */,
				055C2E6D2AB93B0C00726CD7 /* DispatchCategoryTableViewCell.swift */,
			);
			path = Search;
			sourceTree = "<group>";
		};
		059093CE2AFCAE8100E0F1DD /* DispatchSchedule */ = {
			isa = PBXGroup;
			children = (
				059093CF2AFCAEE700E0F1DD /* DispatchScheduleViewController.swift */,
				059093D12AFCAFA000E0F1DD /* DispatchScheduleTableViewCell.swift */,
				05AD00322B4F76EF00216F0A /* DispatchScheduleDetailViewController.swift */,
				05AD00342B4F807300216F0A /* DispatchScheduleDetailTableViewCell.swift */,
			);
			path = DispatchSchedule;
			sourceTree = "<group>";
		};
		059332702B4E14E00074C13A /* DispatchDriving */ = {
			isa = PBXGroup;
			children = (
				0575AC0F2B4CB794005F79AA /* DispatchDrivingDetailViewController.swift */,
				059332712B4E14FE0074C13A /* DispatchDrivingTitleTableViewCell.swift */,
				059332732B4E179A0074C13A /* DispatchDrivingRegularlyTableViewCell.swift */,
				059332752B4E17A30074C13A /* DispatchDrivingOrderTableViewCell.swift */,
				059332792B4E2CC00074C13A /* DispatchDrivingDetailPathTableViewCell.swift */,
				0593327B2B4E2D9B0074C13A /* DetailPathTableViewCell.swift */,
				0593327D2B4E3A8A0074C13A /* DispatchDrivingDoneTableViewCell.swift */,
			);
			path = DispatchDriving;
			sourceTree = "<group>";
		};
		0594D3282B56571100283C6D /* Renewal */ = {
			isa = PBXGroup;
			children = (
				0594D3262B56570D00283C6D /* RenewalDispatchSearchViewController.swift */,
				0594D3292B56615200283C6D /* SearchClassificationCollectionViewCell.swift */,
				0594D32B2B5673B800283C6D /* RenewalDispatchSearchListViewController.swift */,
				2DE6AACF2B569C9F002FBCA6 /* RenewalDispatchSearchListTableViewCell.swift */,
			);
			path = Renewal;
			sourceTree = "<group>";
		};
		05AD44062B57651F007FB0CF /* AccidentResponse */ = {
			isa = PBXGroup;
			children = (
				05AD44072B57653A007FB0CF /* AccidentResponseViewController.swift */,
				2D0F01732B57EEFA002F3160 /* AccidentResponseTableViewCell.swift */,
				2D0F01752B57F4FD002F3160 /* AccidentSafeCheckViewController.swift */,
				2D0F01772B57F8F2002F3160 /* AccidentNameListViewController.swift */,
				057DDD612B58A1A200EE110A /* AccidentCallListViewController.swift */,
				057DDD632B58A24C00EE110A /* AccidentCallListTableViewCell.swift */,
				05AD442B2B57A398007FB0CF /* AccidentPhotoViewController.swift */,
				05AD442D2B57A463007FB0CF /* AccidentPhotoTableViewCell.swift */,
				05AD44312B57AD29007FB0CF /* AccidentReasonViewController.swift */,
				057DDD672B58C0F900EE110A /* AccidentBeforeDrivingViewController.swift */,
				057DDD692B58C22600EE110A /* AccidentLastFlowViewController.swift */,
			);
			path = AccidentResponse;
			sourceTree = "<group>";
		};
		2DE378532B1C6829000741DD /* Note */ = {
			isa = PBXGroup;
			children = (
				2DE378542B1C6850000741DD /* DispatchMonthlyNoteViewController.swift */,
				05709D6D2B1FFA2900748F52 /* DispatchNoteListViewController.swift */,
				2DF808A92B30499700DEE24C /* DispatchNoteDetailViewController.swift */,
				2D4D26972B31C4050040C0C6 /* DispatchNoteSelectTimeViewController.swift */,
				056B49492B218F9300F7A3A4 /* DispatchNoteOrderTableViewCell.swift */,
				056B49472B218F8600F7A3A4 /* DispatchNoteRegularlyTableViewCell.swift */,
				056B494B2B21AE3E00F7A3A4 /* MorningRollCallViewController.swift */,
				056B494F2B21B53F00F7A3A4 /* MorningRollCallTableViewCell.swift */,
				0573B5092B22D28B005F1F4F /* SelectTimeViewController.swift */,
				056B494D2B21AE4F00F7A3A4 /* EveningRollCallViewController.swift */,
				05C7E7692B2716E100EEDD2C /* GarageListViewController.swift */,
				05C7E76B2B2716E700EEDD2C /* GarageTableViewCell.swift */,
			);
			path = Note;
			sourceTree = "<group>";
		};
		5F1A16152A74E10C00132D29 /* Fonts */ = {
			isa = PBXGroup;
			children = (
				5F1A161A2A74EA6300132D29 /* PretendardVariable.ttf */,
				5F1A16162A74E23400132D29 /* Pretendard-Bold.otf */,
				5F1A16172A74E23400132D29 /* Pretendard-Medium.otf */,
			);
			path = Fonts;
			sourceTree = "<group>";
		};
		5F1A161C2A74ED7F00132D29 /* View */ = {
			isa = PBXGroup;
			children = (
				5F1BB0A42A03D1210081DBBE /* Main.storyboard */,
				5F1BB0A92A03D1220081DBBE /* LaunchScreen.storyboard */,
			);
			path = View;
			sourceTree = "<group>";
		};
		5F1A161D2A74EDBC00132D29 /* Methods */ = {
			isa = PBXGroup;
			children = (
				5F1BB0B82A03D92E0081DBBE /* UserInfo.swift */,
				5F1BB0BC2A08AF590081DBBE /* Server.swift */,
				5F1A16202A74EDF100132D29 /* SupportingMethods.swift */,
				5FE29CBD2A7E142A000748FC /* AlertPopViewController.swift */,
				5F1A16222A74EECB00132D29 /* ReferenceValues.swift */,
				059332772B4E1ACC0074C13A /* Extension.swift */,
			);
			path = Methods;
			sourceTree = "<group>";
		};
		5F1BB0922A03D1210081DBBE = {
			isa = PBXGroup;
			children = (
				5F1BB09D2A03D1210081DBBE /* RPATest */,
				5F1BB09C2A03D1210081DBBE /* Products */,
				9A1AD408D88A2DB5D6EAD5CF /* Pods */,
				A2317171CBDC368C49E45B09 /* Frameworks */,
			);
			sourceTree = "<group>";
		};
		5F1BB09C2A03D1210081DBBE /* Products */ = {
			isa = PBXGroup;
			children = (
				5F1BB09B2A03D1210081DBBE /* RPATest.app */,
			);
			name = Products;
			sourceTree = "<group>";
		};
		5F1BB09D2A03D1210081DBBE /* RPATest */ = {
			isa = PBXGroup;
			children = (
				5FE36A4D2AB58902006399BE /* RPATest.entitlements */,
				5F1BB09E2A03D1210081DBBE /* AppDelegate.swift */,
				5F1BB0A02A03D1210081DBBE /* SceneDelegate.swift */,
				5F1BB0A72A03D1220081DBBE /* Assets.xcassets */,
				5F1BB0AC2A03D1220081DBBE /* Info.plist */,
				5FE36A4B2AB57B6A006399BE /* GoogleService-Info.plist */,
				0598670E2B7B5C9C005E51A9 /* KingbusAlarmSound.caf */,
				5FD49D112AA31B5D00208273 /* Template */,
				5F1A161D2A74EDBC00132D29 /* Methods */,
				5FE29CC02A7E154E000748FC /* Common */,
				5F1A16152A74E10C00132D29 /* Fonts */,
				5F1A161C2A74ED7F00132D29 /* View */,
				5F1BB0B22A03D5160081DBBE /* Login */,
				5FE29CBF2A7E151F000748FC /* Dispatch */,
				5FCC11722AA46D9300550534 /* Office */,
				5FCC11712AA46D6D00550534 /* Organization */,
				5FCC11702AA46D6000550534 /* Profile */,
			);
			path = RPATest;
			sourceTree = "<group>";
		};
		5F1BB0B22A03D5160081DBBE /* Login */ = {
			isa = PBXGroup;
			children = (
				5F1BB0B62A03D6B30081DBBE /* LoginModel.swift */,
				056A34512ABBCC4200829750 /* CheckPermissionViewController.swift */,
				5FCD8D402A6B9C82000AFC3F /* CompanyEnterViewController.swift */,
				5F1BB0B32A03D5300081DBBE /* LoginViewController.swift */,
			);
			path = Login;
			sourceTree = "<group>";
		};
		5FCC11702AA46D6000550534 /* Profile */ = {
			isa = PBXGroup;
			children = (
				05821A982B0DD443007049C9 /* ProfileModel.swift */,
				057736BE2B0F0AB7005C01EA /* RenewalProfileViewController.swift */,
				5FCC11772AA46DE900550534 /* ProfileViewController.swift */,
				057736BC2B0EFE32005C01EA /* ProfileSalaryStatementViewController.swift */,
				5F680E9B2AA56CA40047ED65 /* ProfileCollectionViewCell.swift */,
			);
			path = Profile;
			sourceTree = "<group>";
		};
		5FCC11712AA46D6D00550534 /* Organization */ = {
			isa = PBXGroup;
			children = (
				2DCBDFEA2AEE33C1000685F5 /* OrganizationModel.swift */,
				056A759A2B059DCE00C25711 /* OrganizationViewPagerViewController.swift */,
				056A759C2B059E2600C25711 /* OrganizationViewPagerCollectionViewCell.swift */,
				5FCC11752AA46DE200550534 /* OrganizationViewController.swift */,
				053C55D32AA9AB86006A6D93 /* OrganizationTableViewCell.swift */,
				056A75A22B05D03600C25711 /* OrganizationSearchViewController.swift */,
				056A75A42B05D18800C25711 /* OrganizationSearchTableViewCell.swift */,
			);
			path = Organization;
			sourceTree = "<group>";
		};
		5FCC11722AA46D9300550534 /* Office */ = {
			isa = PBXGroup;
			children = (
				056A344F2ABBC53C00829750 /* OfficeModel.swift */,
				056A34552ABBDE4400829750 /* Home */,
				056A34562ABBDE6000829750 /* Notice */,
				056A34632ABC0EDE00829750 /* Inspection */,
				056A34742ABC38BF00829750 /* Consulting */,
				059093CE2AFCAE8100E0F1DD /* DispatchSchedule */,
				05AD44062B57651F007FB0CF /* AccidentResponse */,
			);
			path = Office;
			sourceTree = "<group>";
		};
		5FD49D112AA31B5D00208273 /* Template */ = {
			isa = PBXGroup;
			children = (
				5FD49D142AA31BB900208273 /* TemplateViewController.swift */,
				5FD49D162AA31BCA00208273 /* TemplateTableViewCell.swift */,
				5FD49D182AA31BEE00208273 /* TemplateHeaderFooterView.swift */,
				5FD49D1A2AA31BFF00208273 /* TemplateCollectionViewCell.swift */,
				056BF5032AF3518900B4C389 /* BottomSheetViewController.swift */,
				05821AA02B0DEBC1007049C9 /* TempateViewPagerViewController.swift */,
				05821AA22B0DEBCE007049C9 /* ViewPagerCollectionViewCell.swift */,
				05821AA42B0DEC94007049C9 /* TemplateView.swift */,
			);
			path = Template;
			sourceTree = "<group>";
		};
		5FE29CBF2A7E151F000748FC /* Dispatch */ = {
			isa = PBXGroup;
			children = (
				5FCC116C2AA3444300550534 /* DispatchModel.swift */,
				0582C5A42AB8215E0045CBCB /* Home */,
				0582C5A62AB821800045CBCB /* Search */,
				0582C5A52AB8216C0045CBCB /* Month */,
				2DE378532B1C6829000741DD /* Note */,
			);
			path = Dispatch;
			sourceTree = "<group>";
		};
		5FE29CC02A7E154E000748FC /* Common */ = {
			isa = PBXGroup;
			children = (
				5FD8CC9C2A6BADC900D9C6D7 /* CommonModel.swift */,
				5FE29CC12A7E1588000748FC /* TabBarController.swift */,
				0561E7202AC29D3C00787B77 /* NavigationViewController.swift */,
				0561E7242AC2BB3400787B77 /* ServerInspectionViewController.swift */,
			);
			path = Common;
			sourceTree = "<group>";
		};
		9A1AD408D88A2DB5D6EAD5CF /* Pods */ = {
			isa = PBXGroup;
			children = (
				06EE240AA4CC2BD5297F34A3 /* Pods-RPATest.debug.xcconfig */,
				68FC532789A4480F0CA48CDE /* Pods-RPATest.release.xcconfig */,
			);
			path = Pods;
			sourceTree = "<group>";
		};
		A2317171CBDC368C49E45B09 /* Frameworks */ = {
			isa = PBXGroup;
			children = (
				BE3980D2E164051825B3CB6E /* Pods_RPATest.framework */,
			);
			name = Frameworks;
			sourceTree = "<group>";
		};
/* End PBXGroup section */

/* Begin PBXNativeTarget section */
		5F1BB09A2A03D1210081DBBE /* RPATest */ = {
			isa = PBXNativeTarget;
			buildConfigurationList = 5F1BB0AF2A03D1220081DBBE /* Build configuration list for PBXNativeTarget "RPATest" */;
			buildPhases = (
				0099BF183246AA0D9192B382 /* [CP] Check Pods Manifest.lock */,
				5F1BB0972A03D1210081DBBE /* Sources */,
				5F1BB0982A03D1210081DBBE /* Frameworks */,
				5F1BB0992A03D1210081DBBE /* Resources */,
				5ED9A879D7C4BE2883B9A43D /* [CP] Embed Pods Frameworks */,
			);
			buildRules = (
			);
			dependencies = (
			);
			name = RPATest;
			productName = RPATest;
			productReference = 5F1BB09B2A03D1210081DBBE /* RPATest.app */;
			productType = "com.apple.product-type.application";
		};
/* End PBXNativeTarget section */

/* Begin PBXProject section */
		5F1BB0932A03D1210081DBBE /* Project object */ = {
			isa = PBXProject;
			attributes = {
				BuildIndependentTargetsInParallel = 1;
				LastSwiftUpdateCheck = 1410;
				LastUpgradeCheck = 1410;
				TargetAttributes = {
					5F1BB09A2A03D1210081DBBE = {
						CreatedOnToolsVersion = 14.1;
					};
				};
			};
			buildConfigurationList = 5F1BB0962A03D1210081DBBE /* Build configuration list for PBXProject "RPATest" */;
			compatibilityVersion = "Xcode 14.0";
			developmentRegion = en;
			hasScannedForEncodings = 0;
			knownRegions = (
				en,
				Base,
			);
			mainGroup = 5F1BB0922A03D1210081DBBE;
			productRefGroup = 5F1BB09C2A03D1210081DBBE /* Products */;
			projectDirPath = "";
			projectRoot = "";
			targets = (
				5F1BB09A2A03D1210081DBBE /* RPATest */,
			);
		};
/* End PBXProject section */

/* Begin PBXResourcesBuildPhase section */
		5F1BB0992A03D1210081DBBE /* Resources */ = {
			isa = PBXResourcesBuildPhase;
			buildActionMask = 2147483647;
			files = (
				5F1BB0AB2A03D1220081DBBE /* LaunchScreen.storyboard in Resources */,
				5F1A16192A74E23400132D29 /* Pretendard-Medium.otf in Resources */,
				5F1A16182A74E23400132D29 /* Pretendard-Bold.otf in Resources */,
				5F1BB0A82A03D1220081DBBE /* Assets.xcassets in Resources */,
				5F1BB0A62A03D1210081DBBE /* Main.storyboard in Resources */,
				5F1A161B2A74EA6300132D29 /* PretendardVariable.ttf in Resources */,
				0598670F2B7B5C9C005E51A9 /* KingbusAlarmSound.caf in Resources */,
				5FE36A4C2AB57B6A006399BE /* GoogleService-Info.plist in Resources */,
			);
			runOnlyForDeploymentPostprocessing = 0;
		};
/* End PBXResourcesBuildPhase section */

/* Begin PBXShellScriptBuildPhase section */
		0099BF183246AA0D9192B382 /* [CP] Check Pods Manifest.lock */ = {
			isa = PBXShellScriptBuildPhase;
			buildActionMask = 2147483647;
			files = (
			);
			inputFileListPaths = (
			);
			inputPaths = (
				"${PODS_PODFILE_DIR_PATH}/Podfile.lock",
				"${PODS_ROOT}/Manifest.lock",
			);
			name = "[CP] Check Pods Manifest.lock";
			outputFileListPaths = (
			);
			outputPaths = (
				"$(DERIVED_FILE_DIR)/Pods-RPATest-checkManifestLockResult.txt",
			);
			runOnlyForDeploymentPostprocessing = 0;
			shellPath = /bin/sh;
			shellScript = "diff \"${PODS_PODFILE_DIR_PATH}/Podfile.lock\" \"${PODS_ROOT}/Manifest.lock\" > /dev/null\nif [ $? != 0 ] ; then\n    # print error to STDERR\n    echo \"error: The sandbox is not in sync with the Podfile.lock. Run 'pod install' or update your CocoaPods installation.\" >&2\n    exit 1\nfi\n# This output is used by Xcode 'outputs' to avoid re-running this script phase.\necho \"SUCCESS\" > \"${SCRIPT_OUTPUT_FILE_0}\"\n";
			showEnvVarsInLog = 0;
		};
		5ED9A879D7C4BE2883B9A43D /* [CP] Embed Pods Frameworks */ = {
			isa = PBXShellScriptBuildPhase;
			buildActionMask = 2147483647;
			files = (
			);
			inputFileListPaths = (
				"${PODS_ROOT}/Target Support Files/Pods-RPATest/Pods-RPATest-frameworks-${CONFIGURATION}-input-files.xcfilelist",
			);
			name = "[CP] Embed Pods Frameworks";
			outputFileListPaths = (
				"${PODS_ROOT}/Target Support Files/Pods-RPATest/Pods-RPATest-frameworks-${CONFIGURATION}-output-files.xcfilelist",
			);
			runOnlyForDeploymentPostprocessing = 0;
			shellPath = /bin/sh;
			shellScript = "\"${PODS_ROOT}/Target Support Files/Pods-RPATest/Pods-RPATest-frameworks.sh\"\n";
			showEnvVarsInLog = 0;
		};
/* End PBXShellScriptBuildPhase section */

/* Begin PBXSourcesBuildPhase section */
		5F1BB0972A03D1210081DBBE /* Sources */ = {
			isa = PBXSourcesBuildPhase;
			buildActionMask = 2147483647;
			files = (
				2DE378552B1C6850000741DD /* DispatchMonthlyNoteViewController.swift in Sources */,
				5F6B62F02AAF364A001FEED2 /* DispatchMonthlyViewController.swift in Sources */,
				2DE6AAD02B569C9F002FBCA6 /* RenewalDispatchSearchListTableViewCell.swift in Sources */,
				055C2E6E2AB93B0C00726CD7 /* DispatchCategoryTableViewCell.swift in Sources */,
				5FCC11742AA46DD900550534 /* OfficeViewController.swift in Sources */,
				0596A4432B2A8F2A00D2C3AA /* DispatchInspectionViewController.swift in Sources */,
				0561E7252AC2BB3400787B77 /* ServerInspectionViewController.swift in Sources */,
				2DCBDFEB2AEE33C1000685F5 /* OrganizationModel.swift in Sources */,
				057E24882B5E569000633D2F /* CarManageInspectionTableViewCell.swift in Sources */,
				0594D32C2B5673B800283C6D /* RenewalDispatchSearchListViewController.swift in Sources */,
				0593327E2B4E3A8A0074C13A /* DispatchDrivingDoneTableViewCell.swift in Sources */,
				056BF5042AF3518900B4C389 /* BottomSheetViewController.swift in Sources */,
				5F1BB0BD2A08AF590081DBBE /* Server.swift in Sources */,
				056A34522ABBCC4200829750 /* CheckPermissionViewController.swift in Sources */,
				05821AA52B0DEC94007049C9 /* TemplateView.swift in Sources */,
				5FE29CC22A7E1588000748FC /* TabBarController.swift in Sources */,
				0561E7232AC2A32100787B77 /* DispatchHomeCheckViewController.swift in Sources */,
				0593327A2B4E2CC00074C13A /* DispatchDrivingDetailPathTableViewCell.swift in Sources */,
				5FE29CBE2A7E142A000748FC /* AlertPopViewController.swift in Sources */,
				5F1BB0B42A03D5300081DBBE /* LoginViewController.swift in Sources */,
				057D94212AB18DA300779CFF /* DispatchCheckTableViewCell.swift in Sources */,
				0593327C2B4E2D9B0074C13A /* DetailPathTableViewCell.swift in Sources */,
				5FCC116F2AA4638500550534 /* DispatchTableViewCell.swift in Sources */,
				057E24862B5E567600633D2F /* CarManageInspectionViewController.swift in Sources */,
				057DDD682B58C0F900EE110A /* AccidentBeforeDrivingViewController.swift in Sources */,
				056A34782ABC394600829750 /* ConsultingTableViewCell.swift in Sources */,
				5FCC11782AA46DE900550534 /* ProfileViewController.swift in Sources */,
				5F1A16232A74EECB00132D29 /* ReferenceValues.swift in Sources */,
				056A34652ABC0EF000829750 /* InspectionViewController.swift in Sources */,
				056A347A2ABC394E00829750 /* ConsultingViewController.swift in Sources */,
				5FD8CC9D2A6BADC900D9C6D7 /* CommonModel.swift in Sources */,
				057DDD622B58A1A200EE110A /* AccidentCallListViewController.swift in Sources */,
				0594D32A2B56615200283C6D /* SearchClassificationCollectionViewCell.swift in Sources */,
				05C7E76C2B2716E700EEDD2C /* GarageTableViewCell.swift in Sources */,
				2D0F01782B57F8F2002F3160 /* AccidentNameListViewController.swift in Sources */,
				5F680E9C2AA56CA40047ED65 /* ProfileCollectionViewCell.swift in Sources */,
				056A34762ABC393700829750 /* ConsultingModel.swift in Sources */,
				0582C5AA2AB842BF0045CBCB /* DispatchCategoryViewController.swift in Sources */,
				056A345C2ABBF6D400829750 /* NoticeModel.swift in Sources */,
				5FD49D152AA31BBA00208273 /* TemplateViewController.swift in Sources */,
				056A34582ABBDE9C00829750 /* NoticeViewController.swift in Sources */,
				056B494A2B218F9300F7A3A4 /* DispatchNoteOrderTableViewCell.swift in Sources */,
				2D4D26982B31C4050040C0C6 /* DispatchNoteSelectTimeViewController.swift in Sources */,
				056A34712ABC317F00829750 /* InspectionVehicleListViewController.swift in Sources */,
				0561E7212AC29D3D00787B77 /* NavigationViewController.swift in Sources */,
				056A34672ABC0FED00829750 /* InspectionTableViewCell.swift in Sources */,
				0575AC102B4CB794005F79AA /* DispatchDrivingDetailViewController.swift in Sources */,
				056A346D2ABC1D4400829750 /* AddingContentCell.swift in Sources */,
				5FD49D1B2AA31BFF00208273 /* TemplateCollectionViewCell.swift in Sources */,
				057D941F2AB1862900779CFF /* DispatchCheckViewController.swift in Sources */,
				05AD00332B4F76EF00216F0A /* DispatchScheduleDetailViewController.swift in Sources */,
				059093D22AFCAFA000E0F1DD /* DispatchScheduleTableViewCell.swift in Sources */,
				056A759B2B059DCE00C25711 /* OrganizationViewPagerViewController.swift in Sources */,
				059093D02AFCAEE700E0F1DD /* DispatchScheduleViewController.swift in Sources */,
				059332722B4E14FE0074C13A /* DispatchDrivingTitleTableViewCell.swift in Sources */,
				0596A4452B2A8F5F00D2C3AA /* DispatchInspectionTableViewCell.swift in Sources */,
				5F1BB09F2A03D1210081DBBE /* AppDelegate.swift in Sources */,
				056A345E2ABC054700829750 /* NoticeDetailViewController.swift in Sources */,
				2D0F01762B57F4FD002F3160 /* AccidentSafeCheckViewController.swift in Sources */,
				057E24842B5E4C2400633D2F /* CarManageTableViewCell.swift in Sources */,
				056A346B2ABC193B00829750 /* InspectionCreateViewController.swift in Sources */,
				0596A4472B2AD36000D2C3AA /* RenewalDispatchRegularlyTableViewCell.swift in Sources */,
				059332762B4E17A30074C13A /* DispatchDrivingOrderTableViewCell.swift in Sources */,
				5FD49D192AA31BEE00208273 /* TemplateHeaderFooterView.swift in Sources */,
				057DDD6A2B58C22600EE110A /* AccidentLastFlowViewController.swift in Sources */,
				055C2E702AB9577E00726CD7 /* DispatchSearchTableViewCell.swift in Sources */,
				0584559E2B187B35000D3448 /* GasStationListViewController.swift in Sources */,
				056BF5062AF351BF00B4C389 /* DispatchRefuelingBottomSheetViewController.swift in Sources */,
				0596A4492B2AD38500D2C3AA /* RenewalDispatchOrderTableViewCell.swift in Sources */,
				05821A9F2B0DE718007049C9 /* DispatchOrderTableViewCell.swift in Sources */,
				05821AA32B0DEBCE007049C9 /* ViewPagerCollectionViewCell.swift in Sources */,
				2D0F01742B57EEFA002F3160 /* AccidentResponseTableViewCell.swift in Sources */,
				05821A992B0DD443007049C9 /* ProfileModel.swift in Sources */,
				057E24822B5E48C600633D2F /* CarManageViewController.swift in Sources */,
				057000D72AB2E5EA007F650E /* DispatchCheckDenyViewController.swift in Sources */,
				057000D52AB2D095007F650E /* DispatchCheckPopViewController.swift in Sources */,
				05709D6E2B1FFA2900748F52 /* DispatchNoteListViewController.swift in Sources */,
				05821A9D2B0DE685007049C9 /* DispatchRegularlyTableViewCell.swift in Sources */,
				2DF808AA2B30499700DEE24C /* DispatchNoteDetailViewController.swift in Sources */,
				056B49482B218F8600F7A3A4 /* DispatchNoteRegularlyTableViewCell.swift in Sources */,
				056A346F2ABC1D7300829750 /* IndexPathButton.swift in Sources */,
				05821A952B0DCDEA007049C9 /* RenewalDispatchViewController.swift in Sources */,
				057736BD2B0EFE32005C01EA /* ProfileSalaryStatementViewController.swift in Sources */,
				056A34542ABBDAA700829750 /* OfficeCollectionViewCell.swift in Sources */,
				056A34602ABC071200829750 /* NoticeDetailTitleTableViewCell.swift in Sources */,
				05AD44322B57AD29007FB0CF /* AccidentReasonViewController.swift in Sources */,
				056A75A32B05D03600C25711 /* OrganizationSearchViewController.swift in Sources */,
				056A75A52B05D18800C25711 /* OrganizationSearchTableViewCell.swift in Sources */,
				0596A44B2B2AEFD200D2C3AA /* TaskViewController.swift in Sources */,
				05AD442C2B57A398007FB0CF /* AccidentPhotoViewController.swift in Sources */,
				056B494C2B21AE3E00F7A3A4 /* MorningRollCallViewController.swift in Sources */,
				056A759D2B059E2600C25711 /* OrganizationViewPagerCollectionViewCell.swift in Sources */,
				057736BF2B0F0AB7005C01EA /* RenewalProfileViewController.swift in Sources */,
				0594D3272B56570D00283C6D /* RenewalDispatchSearchViewController.swift in Sources */,
				056A34622ABC072F00829750 /* NoticeDetailTextTableViewCell.swift in Sources */,
				05AD00352B4F807300216F0A /* DispatchScheduleDetailTableViewCell.swift in Sources */,
				05AD44082B57653A007FB0CF /* AccidentResponseViewController.swift in Sources */,
				058455A02B187B3C000D3448 /* GasStationListTableViewCell.swift in Sources */,
				057DDD642B58A24C00EE110A /* AccidentCallListTableViewCell.swift in Sources */,
				056A34692ABC13CC00829750 /* InspectionModel.swift in Sources */,
				05821AA12B0DEBC1007049C9 /* TempateViewPagerViewController.swift in Sources */,
				5F1BB0A12A03D1210081DBBE /* SceneDelegate.swift in Sources */,
				5FCC11762AA46DE200550534 /* OrganizationViewController.swift in Sources */,
				5FCC116D2AA3444300550534 /* DispatchModel.swift in Sources */,
				059332782B4E1ACC0074C13A /* Extension.swift in Sources */,
				5F1BB0B92A03D92E0081DBBE /* UserInfo.swift in Sources */,
				056A345A2ABBE1D700829750 /* NoticeTableViewCell.swift in Sources */,
				053C55D42AA9AB86006A6D93 /* OrganizationTableViewCell.swift in Sources */,
				0582C5A82AB8218D0045CBCB /* DispatchSearchViewController.swift in Sources */,
				059332742B4E179A0074C13A /* DispatchDrivingRegularlyTableViewCell.swift in Sources */,
				5F1BB0B72A03D6B30081DBBE /* LoginModel.swift in Sources */,
				056B49502B21B53F00F7A3A4 /* MorningRollCallTableViewCell.swift in Sources */,
				0573B50A2B22D28B005F1F4F /* SelectTimeViewController.swift in Sources */,
				05AD442E2B57A463007FB0CF /* AccidentPhotoTableViewCell.swift in Sources */,
				056A34502ABBC53C00829750 /* OfficeModel.swift in Sources */,
				5FD49D102AA31A7700208273 /* DispatchViewController.swift in Sources */,
				056A34732ABC31B400829750 /* InspectionVehicleListTableViewCell.swift in Sources */,
				5F1A16212A74EDF100132D29 /* SupportingMethods.swift in Sources */,
				057000D32AB29D49007F650E /* DispatchCheckOrderTableViewCell.swift in Sources */,
				5FD49D172AA31BCA00208273 /* TemplateTableViewCell.swift in Sources */,
				5FCD8D412A6B9C82000AFC3F /* CompanyEnterViewController.swift in Sources */,
				056B494E2B21AE4F00F7A3A4 /* EveningRollCallViewController.swift in Sources */,
				05C7E76A2B2716E100EEDD2C /* GarageListViewController.swift in Sources */,
			);
			runOnlyForDeploymentPostprocessing = 0;
		};
/* End PBXSourcesBuildPhase section */

/* Begin PBXVariantGroup section */
		5F1BB0A42A03D1210081DBBE /* Main.storyboard */ = {
			isa = PBXVariantGroup;
			children = (
				5F1BB0A52A03D1210081DBBE /* Base */,
			);
			name = Main.storyboard;
			sourceTree = "<group>";
		};
		5F1BB0A92A03D1220081DBBE /* LaunchScreen.storyboard */ = {
			isa = PBXVariantGroup;
			children = (
				5F1BB0AA2A03D1220081DBBE /* Base */,
			);
			name = LaunchScreen.storyboard;
			sourceTree = "<group>";
		};
/* End PBXVariantGroup section */

/* Begin XCBuildConfiguration section */
		5F1BB0AD2A03D1220081DBBE /* Debug */ = {
			isa = XCBuildConfiguration;
			buildSettings = {
				ALWAYS_SEARCH_USER_PATHS = NO;
				CLANG_ANALYZER_NONNULL = YES;
				CLANG_ANALYZER_NUMBER_OBJECT_CONVERSION = YES_AGGRESSIVE;
				CLANG_CXX_LANGUAGE_STANDARD = "gnu++20";
				CLANG_ENABLE_MODULES = YES;
				CLANG_ENABLE_OBJC_ARC = YES;
				CLANG_ENABLE_OBJC_WEAK = YES;
				CLANG_WARN_BLOCK_CAPTURE_AUTORELEASING = YES;
				CLANG_WARN_BOOL_CONVERSION = YES;
				CLANG_WARN_COMMA = YES;
				CLANG_WARN_CONSTANT_CONVERSION = YES;
				CLANG_WARN_DEPRECATED_OBJC_IMPLEMENTATIONS = YES;
				CLANG_WARN_DIRECT_OBJC_ISA_USAGE = YES_ERROR;
				CLANG_WARN_DOCUMENTATION_COMMENTS = YES;
				CLANG_WARN_EMPTY_BODY = YES;
				CLANG_WARN_ENUM_CONVERSION = YES;
				CLANG_WARN_INFINITE_RECURSION = YES;
				CLANG_WARN_INT_CONVERSION = YES;
				CLANG_WARN_NON_LITERAL_NULL_CONVERSION = YES;
				CLANG_WARN_OBJC_IMPLICIT_RETAIN_SELF = YES;
				CLANG_WARN_OBJC_LITERAL_CONVERSION = YES;
				CLANG_WARN_OBJC_ROOT_CLASS = YES_ERROR;
				CLANG_WARN_QUOTED_INCLUDE_IN_FRAMEWORK_HEADER = YES;
				CLANG_WARN_RANGE_LOOP_ANALYSIS = YES;
				CLANG_WARN_STRICT_PROTOTYPES = YES;
				CLANG_WARN_SUSPICIOUS_MOVE = YES;
				CLANG_WARN_UNGUARDED_AVAILABILITY = YES_AGGRESSIVE;
				CLANG_WARN_UNREACHABLE_CODE = YES;
				CLANG_WARN__DUPLICATE_METHOD_MATCH = YES;
				COPY_PHASE_STRIP = NO;
				DEBUG_INFORMATION_FORMAT = dwarf;
				ENABLE_STRICT_OBJC_MSGSEND = YES;
				ENABLE_TESTABILITY = YES;
				GCC_C_LANGUAGE_STANDARD = gnu11;
				GCC_DYNAMIC_NO_PIC = NO;
				GCC_NO_COMMON_BLOCKS = YES;
				GCC_OPTIMIZATION_LEVEL = 0;
				GCC_PREPROCESSOR_DEFINITIONS = (
					"DEBUG=1",
					"$(inherited)",
				);
				GCC_WARN_64_TO_32_BIT_CONVERSION = YES;
				GCC_WARN_ABOUT_RETURN_TYPE = YES_ERROR;
				GCC_WARN_UNDECLARED_SELECTOR = YES;
				GCC_WARN_UNINITIALIZED_AUTOS = YES_AGGRESSIVE;
				GCC_WARN_UNUSED_FUNCTION = YES;
				GCC_WARN_UNUSED_VARIABLE = YES;
				IPHONEOS_DEPLOYMENT_TARGET = 16.1;
				MTL_ENABLE_DEBUG_INFO = INCLUDE_SOURCE;
				MTL_FAST_MATH = YES;
				ONLY_ACTIVE_ARCH = YES;
				SDKROOT = iphoneos;
				SWIFT_ACTIVE_COMPILATION_CONDITIONS = DEBUG;
				SWIFT_OPTIMIZATION_LEVEL = "-Onone";
			};
			name = Debug;
		};
		5F1BB0AE2A03D1220081DBBE /* Release */ = {
			isa = XCBuildConfiguration;
			buildSettings = {
				ALWAYS_SEARCH_USER_PATHS = NO;
				CLANG_ANALYZER_NONNULL = YES;
				CLANG_ANALYZER_NUMBER_OBJECT_CONVERSION = YES_AGGRESSIVE;
				CLANG_CXX_LANGUAGE_STANDARD = "gnu++20";
				CLANG_ENABLE_MODULES = YES;
				CLANG_ENABLE_OBJC_ARC = YES;
				CLANG_ENABLE_OBJC_WEAK = YES;
				CLANG_WARN_BLOCK_CAPTURE_AUTORELEASING = YES;
				CLANG_WARN_BOOL_CONVERSION = YES;
				CLANG_WARN_COMMA = YES;
				CLANG_WARN_CONSTANT_CONVERSION = YES;
				CLANG_WARN_DEPRECATED_OBJC_IMPLEMENTATIONS = YES;
				CLANG_WARN_DIRECT_OBJC_ISA_USAGE = YES_ERROR;
				CLANG_WARN_DOCUMENTATION_COMMENTS = YES;
				CLANG_WARN_EMPTY_BODY = YES;
				CLANG_WARN_ENUM_CONVERSION = YES;
				CLANG_WARN_INFINITE_RECURSION = YES;
				CLANG_WARN_INT_CONVERSION = YES;
				CLANG_WARN_NON_LITERAL_NULL_CONVERSION = YES;
				CLANG_WARN_OBJC_IMPLICIT_RETAIN_SELF = YES;
				CLANG_WARN_OBJC_LITERAL_CONVERSION = YES;
				CLANG_WARN_OBJC_ROOT_CLASS = YES_ERROR;
				CLANG_WARN_QUOTED_INCLUDE_IN_FRAMEWORK_HEADER = YES;
				CLANG_WARN_RANGE_LOOP_ANALYSIS = YES;
				CLANG_WARN_STRICT_PROTOTYPES = YES;
				CLANG_WARN_SUSPICIOUS_MOVE = YES;
				CLANG_WARN_UNGUARDED_AVAILABILITY = YES_AGGRESSIVE;
				CLANG_WARN_UNREACHABLE_CODE = YES;
				CLANG_WARN__DUPLICATE_METHOD_MATCH = YES;
				COPY_PHASE_STRIP = NO;
				DEBUG_INFORMATION_FORMAT = "dwarf-with-dsym";
				ENABLE_NS_ASSERTIONS = NO;
				ENABLE_STRICT_OBJC_MSGSEND = YES;
				GCC_C_LANGUAGE_STANDARD = gnu11;
				GCC_NO_COMMON_BLOCKS = YES;
				GCC_WARN_64_TO_32_BIT_CONVERSION = YES;
				GCC_WARN_ABOUT_RETURN_TYPE = YES_ERROR;
				GCC_WARN_UNDECLARED_SELECTOR = YES;
				GCC_WARN_UNINITIALIZED_AUTOS = YES_AGGRESSIVE;
				GCC_WARN_UNUSED_FUNCTION = YES;
				GCC_WARN_UNUSED_VARIABLE = YES;
				IPHONEOS_DEPLOYMENT_TARGET = 16.1;
				MTL_ENABLE_DEBUG_INFO = NO;
				MTL_FAST_MATH = YES;
				SDKROOT = iphoneos;
				SWIFT_COMPILATION_MODE = wholemodule;
				SWIFT_OPTIMIZATION_LEVEL = "-O";
				VALIDATE_PRODUCT = YES;
			};
			name = Release;
		};
		5F1BB0B02A03D1220081DBBE /* Debug */ = {
			isa = XCBuildConfiguration;
			baseConfigurationReference = 06EE240AA4CC2BD5297F34A3 /* Pods-RPATest.debug.xcconfig */;
			buildSettings = {
				ASSETCATALOG_COMPILER_APPICON_NAME = AppIcon;
				ASSETCATALOG_COMPILER_GLOBAL_ACCENT_COLOR_NAME = AccentColor;
				CODE_SIGN_ENTITLEMENTS = RPATest/RPATest.entitlements;
				CODE_SIGN_IDENTITY = "Apple Development";
				CODE_SIGN_STYLE = Automatic;
				CURRENT_PROJECT_VERSION = 25;
				DEVELOPMENT_TEAM = 3C347T67DV;
				GENERATE_INFOPLIST_FILE = YES;
				INFOPLIST_FILE = RPATest/Info.plist;
				INFOPLIST_KEY_CFBundleDisplayName = RPA;
				INFOPLIST_KEY_NSCameraUsageDescription = "카메라에 접근할 수 있도록 권한을 요청합니다.";
				INFOPLIST_KEY_NSLocationAlwaysAndWhenInUseUsageDescription = "위치 권한이 필요합니다.";
				INFOPLIST_KEY_NSLocationAlwaysUsageDescription = "위치 권한이 필요합니다.";
				INFOPLIST_KEY_NSLocationWhenInUseUsageDescription = "위치 권한이 필요합니다.";
				INFOPLIST_KEY_NSPhotoLibraryUsageDescription = "앨범에 접근할 수 있도록 권한을 요청합니다.";
				INFOPLIST_KEY_UIApplicationSupportsIndirectInputEvents = YES;
				INFOPLIST_KEY_UILaunchStoryboardName = LaunchScreen;
				INFOPLIST_KEY_UIMainStoryboardFile = Main;
				INFOPLIST_KEY_UISupportedInterfaceOrientations = UIInterfaceOrientationPortrait;
				INFOPLIST_KEY_UISupportedInterfaceOrientations_iPad = "UIInterfaceOrientationLandscapeLeft UIInterfaceOrientationLandscapeRight UIInterfaceOrientationPortrait UIInterfaceOrientationPortraitUpsideDown";
				INFOPLIST_KEY_UIUserInterfaceStyle = Light;
				IPHONEOS_DEPLOYMENT_TARGET = 15.0;
				LD_RUNPATH_SEARCH_PATHS = (
					"$(inherited)",
					"@executable_path/Frameworks",
				);
				MARKETING_VERSION = 1.0.0;
				PRODUCT_BUNDLE_IDENTIFIER = kr.co.kingbus.RPATest;
				PRODUCT_NAME = "$(TARGET_NAME)";
				PROVISIONING_PROFILE_SPECIFIER = "";
				SUPPORTED_PLATFORMS = "iphoneos iphonesimulator";
				SUPPORTS_MACCATALYST = NO;
				SUPPORTS_MAC_DESIGNED_FOR_IPHONE_IPAD = YES;
				SWIFT_EMIT_LOC_STRINGS = YES;
				SWIFT_VERSION = 5.0;
				TARGETED_DEVICE_FAMILY = 1;
			};
			name = Debug;
		};
		5F1BB0B12A03D1220081DBBE /* Release */ = {
			isa = XCBuildConfiguration;
			baseConfigurationReference = 68FC532789A4480F0CA48CDE /* Pods-RPATest.release.xcconfig */;
			buildSettings = {
				ASSETCATALOG_COMPILER_APPICON_NAME = AppIcon;
				ASSETCATALOG_COMPILER_GLOBAL_ACCENT_COLOR_NAME = AccentColor;
				CODE_SIGN_ENTITLEMENTS = RPATest/RPATest.entitlements;
				CODE_SIGN_IDENTITY = "Apple Development";
				CODE_SIGN_STYLE = Automatic;
				CURRENT_PROJECT_VERSION = 25;
				DEVELOPMENT_TEAM = 3C347T67DV;
				GENERATE_INFOPLIST_FILE = YES;
				INFOPLIST_FILE = RPATest/Info.plist;
				INFOPLIST_KEY_CFBundleDisplayName = RPA;
				INFOPLIST_KEY_NSCameraUsageDescription = "카메라에 접근할 수 있도록 권한을 요청합니다.";
				INFOPLIST_KEY_NSLocationAlwaysAndWhenInUseUsageDescription = "위치 권한이 필요합니다.";
				INFOPLIST_KEY_NSLocationAlwaysUsageDescription = "위치 권한이 필요합니다.";
				INFOPLIST_KEY_NSLocationWhenInUseUsageDescription = "위치 권한이 필요합니다.";
				INFOPLIST_KEY_NSPhotoLibraryUsageDescription = "앨범에 접근할 수 있도록 권한을 요청합니다.";
				INFOPLIST_KEY_UIApplicationSupportsIndirectInputEvents = YES;
				INFOPLIST_KEY_UILaunchStoryboardName = LaunchScreen;
				INFOPLIST_KEY_UIMainStoryboardFile = Main;
				INFOPLIST_KEY_UISupportedInterfaceOrientations = UIInterfaceOrientationPortrait;
				INFOPLIST_KEY_UISupportedInterfaceOrientations_iPad = "UIInterfaceOrientationLandscapeLeft UIInterfaceOrientationLandscapeRight UIInterfaceOrientationPortrait UIInterfaceOrientationPortraitUpsideDown";
				INFOPLIST_KEY_UIUserInterfaceStyle = Light;
				IPHONEOS_DEPLOYMENT_TARGET = 15.0;
				LD_RUNPATH_SEARCH_PATHS = (
					"$(inherited)",
					"@executable_path/Frameworks",
				);
				MARKETING_VERSION = 1.0.0;
				PRODUCT_BUNDLE_IDENTIFIER = kr.co.kingbus.RPATest;
				PRODUCT_NAME = "$(TARGET_NAME)";
				PROVISIONING_PROFILE_SPECIFIER = "";
				SUPPORTED_PLATFORMS = "iphoneos iphonesimulator";
				SUPPORTS_MACCATALYST = NO;
				SUPPORTS_MAC_DESIGNED_FOR_IPHONE_IPAD = YES;
				SWIFT_EMIT_LOC_STRINGS = YES;
				SWIFT_VERSION = 5.0;
				TARGETED_DEVICE_FAMILY = 1;
			};
			name = Release;
		};
/* End XCBuildConfiguration section */

/* Begin XCConfigurationList section */
		5F1BB0962A03D1210081DBBE /* Build configuration list for PBXProject "RPATest" */ = {
			isa = XCConfigurationList;
			buildConfigurations = (
				5F1BB0AD2A03D1220081DBBE /* Debug */,
				5F1BB0AE2A03D1220081DBBE /* Release */,
			);
			defaultConfigurationIsVisible = 0;
			defaultConfigurationName = Release;
		};
		5F1BB0AF2A03D1220081DBBE /* Build configuration list for PBXNativeTarget "RPATest" */ = {
			isa = XCConfigurationList;
			buildConfigurations = (
				5F1BB0B02A03D1220081DBBE /* Debug */,
				5F1BB0B12A03D1220081DBBE /* Release */,
			);
			defaultConfigurationIsVisible = 0;
			defaultConfigurationName = Release;
		};
/* End XCConfigurationList section */
	};
	rootObject = 5F1BB0932A03D1210081DBBE /* Project object */;
}
